// !$*UTF8*$!
{
	archiveVersion = 1;
	classes = {
	};
	objectVersion = 56;
	objects = {

/* Begin PBXBuildFile section */
		550956082E7951ED000BFBA8 /* RetryManager.swift in Sources */ = {isa = PBXBuildFile; fileRef = 550956072E7951ED000BFBA8 /* RetryManager.swift */; };
		550956232E7AB38B000BFBA8 /* Altcraft.framework in Frameworks */ = {isa = PBXBuildFile; fileRef = 559B61B02C903EF90081192F /* Altcraft.framework */; };
		5509FA9C2D5114F700B1DE03 /* SubscribeDbQueries.swift in Sources */ = {isa = PBXBuildFile; fileRef = 5509FA9B2D5114F700B1DE03 /* SubscribeDbQueries.swift */; };
		5509FAA42D6CC8DC00B1DE03 /* EventList.swift in Sources */ = {isa = PBXBuildFile; fileRef = 5509FAA32D6CC8DC00B1DE03 /* EventList.swift */; };
		5516B3332D7AF881001FAF66 /* JWTManager.swift in Sources */ = {isa = PBXBuildFile; fileRef = 5516B3322D7AF881001FAF66 /* JWTManager.swift */; };
		5516B3362D7AFB96001FAF66 /* DeviceInfo.swift in Sources */ = {isa = PBXBuildFile; fileRef = 5516B3352D7AFB96001FAF66 /* DeviceInfo.swift */; };
		5516B3382D7B139E001FAF66 /* AuthManager.swift in Sources */ = {isa = PBXBuildFile; fileRef = 5516B3372D7B139E001FAF66 /* AuthManager.swift */; };
		5516B3482D93F3D1001FAF66 /* Converter.swift in Sources */ = {isa = PBXBuildFile; fileRef = 5516B3472D93F3D1001FAF66 /* Converter.swift */; };
		5516B34A2D942811001FAF66 /* Extension.swift in Sources */ = {isa = PBXBuildFile; fileRef = 5516B3492D942811001FAF66 /* Extension.swift */; };
		5516B34C2D958762001FAF66 /* MapBuilder.swift in Sources */ = {isa = PBXBuildFile; fileRef = 5516B34B2D958762001FAF66 /* MapBuilder.swift */; };
		5516B3522D96AF65001FAF66 /* Repository.swift in Sources */ = {isa = PBXBuildFile; fileRef = 5516B3512D96AF65001FAF66 /* Repository.swift */; };
		5516B3542D9C0517001FAF66 /* PushEventDbQueries.swift in Sources */ = {isa = PBXBuildFile; fileRef = 5516B3532D9C0517001FAF66 /* PushEventDbQueries.swift */; };
		5516B3582D9C1B3F001FAF66 /* JsonFactory.swift in Sources */ = {isa = PBXBuildFile; fileRef = 5516B3572D9C1B3F001FAF66 /* JsonFactory.swift */; };
		552BCF832E7D61B5008A9116 /* ConfigDbQueriesTests.swift in Sources */ = {isa = PBXBuildFile; fileRef = 552BCF822E7D61B5008A9116 /* ConfigDbQueriesTests.swift */; };
		552BCF852E7D65EB008A9116 /* SubscribeDbQueriesTests.swift in Sources */ = {isa = PBXBuildFile; fileRef = 552BCF842E7D65EB008A9116 /* SubscribeDbQueriesTests.swift */; };
		552BCF872E7D6DDF008A9116 /* PushEventDbQueriesTests.swift in Sources */ = {isa = PBXBuildFile; fileRef = 552BCF862E7D6DDF008A9116 /* PushEventDbQueriesTests.swift */; };
		552BCF8A2E7D753F008A9116 /* DeviceInfoTests.swift in Sources */ = {isa = PBXBuildFile; fileRef = 552BCF892E7D753F008A9116 /* DeviceInfoTests.swift */; };
		552BCF8E2E7D7A4D008A9116 /* SDKEventsTests.swift in Sources */ = {isa = PBXBuildFile; fileRef = 552BCF8D2E7D7A4D008A9116 /* SDKEventsTests.swift */; };
		552BCF912E7D7AE9008A9116 /* RequestFactoryTests.swift in Sources */ = {isa = PBXBuildFile; fileRef = 552BCF902E7D7AE9008A9116 /* RequestFactoryTests.swift */; };
		552BCF932E7D7C19008A9116 /* JsonFactoryTests.swift in Sources */ = {isa = PBXBuildFile; fileRef = 552BCF922E7D7C19008A9116 /* JsonFactoryTests.swift */; };
		552BCF972E7D8413008A9116 /* PushEventTests.swift in Sources */ = {isa = PBXBuildFile; fileRef = 552BCF962E7D8413008A9116 /* PushEventTests.swift */; };
		552BCF9D2E7D8680008A9116 /* RequestManagerTests.swift in Sources */ = {isa = PBXBuildFile; fileRef = 552BCF9C2E7D8680008A9116 /* RequestManagerTests.swift */; };
		552BCF9F2E7D87DF008A9116 /* TokenUpdateTests.swift in Sources */ = {isa = PBXBuildFile; fileRef = 552BCF9E2E7D87DF008A9116 /* TokenUpdateTests.swift */; };
		552BCFA12E7D886F008A9116 /* TokenManagerTests.swift in Sources */ = {isa = PBXBuildFile; fileRef = 552BCFA02E7D886F008A9116 /* TokenManagerTests.swift */; };
		552BCFA32E7D8E24008A9116 /* PublicPushTokenFunctionsTests.swift in Sources */ = {isa = PBXBuildFile; fileRef = 552BCFA22E7D8E24008A9116 /* PublicPushTokenFunctionsTests.swift */; };
		552BCFA62E7D90A7008A9116 /* PushSubscribeTests.swift in Sources */ = {isa = PBXBuildFile; fileRef = 552BCFA52E7D90A7008A9116 /* PushSubscribeTests.swift */; };
		552BCFA82E7D9154008A9116 /* PublicPushSubscriptionTests.swift in Sources */ = {isa = PBXBuildFile; fileRef = 552BCFA72E7D9154008A9116 /* PublicPushSubscriptionTests.swift */; };
		552BCFAA2E7D92DC008A9116 /* SubscribeCommandQueueTests.swift in Sources */ = {isa = PBXBuildFile; fileRef = 552BCFA92E7D92DC008A9116 /* SubscribeCommandQueueTests.swift */; };
		552BCFAC2E7D9E41008A9116 /* ImageFormat.swift in Sources */ = {isa = PBXBuildFile; fileRef = 552BCFAB2E7D9E41008A9116 /* ImageFormat.swift */; };
		552BCFAE2E7DA0E4008A9116 /* AltcraftPushReceiverTests.swift in Sources */ = {isa = PBXBuildFile; fileRef = 552BCFAD2E7DA0E4008A9116 /* AltcraftPushReceiverTests.swift */; };
		552BCFB02E7DA289008A9116 /* NotificationManagerTests.swift in Sources */ = {isa = PBXBuildFile; fileRef = 552BCFAF2E7DA289008A9116 /* NotificationManagerTests.swift */; };
		552BCFB22E7DA32C008A9116 /* PushActionTests.swift in Sources */ = {isa = PBXBuildFile; fileRef = 552BCFB12E7DA32C008A9116 /* PushActionTests.swift */; };
		552BCFB72E7DA9F7008A9116 /* RetryTests.swift in Sources */ = {isa = PBXBuildFile; fileRef = 552BCFB62E7DA9F7008A9116 /* RetryTests.swift */; };
		552BCFB92E7DAA99008A9116 /* RetryManagerTests.swift in Sources */ = {isa = PBXBuildFile; fileRef = 552BCFB82E7DAA99008A9116 /* RetryManagerTests.swift */; };
		552BCFBC2E7DADD3008A9116 /* ClearCacheTests.swift in Sources */ = {isa = PBXBuildFile; fileRef = 552BCFBB2E7DADD3008A9116 /* ClearCacheTests.swift */; };
		552BCFBF2E7DAE43008A9116 /* InitTests.swift in Sources */ = {isa = PBXBuildFile; fileRef = 552BCFBE2E7DAE43008A9116 /* InitTests.swift */; };
		552BCFC12E7DAF49008A9116 /* AccessToBackgroundTests.swift in Sources */ = {isa = PBXBuildFile; fileRef = 552BCFC02E7DAF49008A9116 /* AccessToBackgroundTests.swift */; };
		552BCFC32E7DB253008A9116 /* BackgroundTaskTests.swift in Sources */ = {isa = PBXBuildFile; fileRef = 552BCFC22E7DB253008A9116 /* BackgroundTaskTests.swift */; };
		55302B982E93AF4B003A1A4C /* MobileEvent.swift in Sources */ = {isa = PBXBuildFile; fileRef = 55302B972E93AF4B003A1A4C /* MobileEvent.swift */; };
		55302B9A2E93B800003A1A4C /* MobileEventQueue.swift in Sources */ = {isa = PBXBuildFile; fileRef = 55302B992E93B800003A1A4C /* MobileEventQueue.swift */; };
		55302B9C2E93CD6F003A1A4C /* MobileEventDbQueries.swift in Sources */ = {isa = PBXBuildFile; fileRef = 55302B9B2E93CD6F003A1A4C /* MobileEventDbQueries.swift */; };
		55302B9E2E93EFCA003A1A4C /* PartsFactory.swift in Sources */ = {isa = PBXBuildFile; fileRef = 55302B9D2E93EFCA003A1A4C /* PartsFactory.swift */; };
		55302BB52E9554CF003A1A4C /* MultipartBody.swift in Sources */ = {isa = PBXBuildFile; fileRef = 55302BB42E9554CF003A1A4C /* MultipartBody.swift */; };
		55302BB72E968C42003A1A4C /* PublicMobileEventFunctions.swift in Sources */ = {isa = PBXBuildFile; fileRef = 55302BB62E968C42003A1A4C /* PublicMobileEventFunctions.swift */; };
		55302BC22E9E3CCC003A1A4C /* Subscription.swift in Sources */ = {isa = PBXBuildFile; fileRef = 55302BC12E9E3CCC003A1A4C /* Subscription.swift */; };
		55302C922EA11A1A003A1A4C /* AltcraftObjCTypes.swift in Sources */ = {isa = PBXBuildFile; fileRef = 55302C912EA11A1A003A1A4C /* AltcraftObjCTypes.swift */; };
		553B085D2E5DD49C004526D6 /* SubscribeQueue.swift in Sources */ = {isa = PBXBuildFile; fileRef = 553B085C2E5DD49C004526D6 /* SubscribeQueue.swift */; };
		55527FB12D314BCE00919755 /* StringBuilder.swift in Sources */ = {isa = PBXBuildFile; fileRef = 55527FB02D314BCE00919755 /* StringBuilder.swift */; };
		55654E772EB55922000BF004 /* CoreDataMigrationTests.swift in Sources */ = {isa = PBXBuildFile; fileRef = 55654E762EB55922000BF004 /* CoreDataMigrationTests.swift */; };
		556FC7392E30D2D2000584AA /* Init.swift in Sources */ = {isa = PBXBuildFile; fileRef = 556FC7382E30D2D2000584AA /* Init.swift */; };
		556FC73B2E30EE99000584AA /* Core.swift in Sources */ = {isa = PBXBuildFile; fileRef = 556FC73A2E30EE99000584AA /* Core.swift */; };
		557556D32CE2566900F6B50C /* NetworkMonitor.swift in Sources */ = {isa = PBXBuildFile; fileRef = 557556D22CE2566900F6B50C /* NetworkMonitor.swift */; };
		5579FD5F2D9D6F110000131C /* RequestManager.swift in Sources */ = {isa = PBXBuildFile; fileRef = 5579FD5E2D9D6F110000131C /* RequestManager.swift */; };
		559878AF2EB367EB008C6A35 /* PushEventEntity+CoreDataClass.swift in Sources */ = {isa = PBXBuildFile; fileRef = 559878A72EB367EB008C6A35 /* PushEventEntity+CoreDataClass.swift */; };
		559878B02EB367EB008C6A35 /* PushEventEntity+CoreDataProperties.swift in Sources */ = {isa = PBXBuildFile; fileRef = 559878A82EB367EB008C6A35 /* PushEventEntity+CoreDataProperties.swift */; };
		559878B12EB367EB008C6A35 /* SubscribeEntity+CoreDataClass.swift in Sources */ = {isa = PBXBuildFile; fileRef = 559878A92EB367EB008C6A35 /* SubscribeEntity+CoreDataClass.swift */; };
		559878B22EB367EB008C6A35 /* SubscribeEntity+CoreDataProperties.swift in Sources */ = {isa = PBXBuildFile; fileRef = 559878AA2EB367EB008C6A35 /* SubscribeEntity+CoreDataProperties.swift */; };
		559878B32EB367EB008C6A35 /* ConfigurationEntity+CoreDataClass.swift in Sources */ = {isa = PBXBuildFile; fileRef = 559878AB2EB367EB008C6A35 /* ConfigurationEntity+CoreDataClass.swift */; };
		559878B42EB367EB008C6A35 /* ConfigurationEntity+CoreDataProperties.swift in Sources */ = {isa = PBXBuildFile; fileRef = 559878AC2EB367EB008C6A35 /* ConfigurationEntity+CoreDataProperties.swift */; };
		559878B52EB367EB008C6A35 /* MobileEventEntity+CoreDataClass.swift in Sources */ = {isa = PBXBuildFile; fileRef = 559878AD2EB367EB008C6A35 /* MobileEventEntity+CoreDataClass.swift */; };
		559878B62EB367EB008C6A35 /* MobileEventEntity+CoreDataProperties.swift in Sources */ = {isa = PBXBuildFile; fileRef = 559878AE2EB367EB008C6A35 /* MobileEventEntity+CoreDataProperties.swift */; };
		559878EE2EB4B1B4008C6A35 /* CoreDataMigrator.swift in Sources */ = {isa = PBXBuildFile; fileRef = 559878ED2EB4B1B4008C6A35 /* CoreDataMigrator.swift */; };
		559B61B52C903EF90081192F /* Altcraft.docc in Sources */ = {isa = PBXBuildFile; fileRef = 559B61B42C903EF90081192F /* Altcraft.docc */; };
		559B61C12C903EF90081192F /* Altcraft.h in Headers */ = {isa = PBXBuildFile; fileRef = 559B61B32C903EF90081192F /* Altcraft.h */; settings = {ATTRIBUTES = (Public, ); }; };
		559B61F12C90461F0081192F /* AltcraftConfiguration.swift in Sources */ = {isa = PBXBuildFile; fileRef = 559B61CA2C90461F0081192F /* AltcraftConfiguration.swift */; };
		559B61F22C90461F0081192F /* AccessToBackground.swift in Sources */ = {isa = PBXBuildFile; fileRef = 559B61CC2C90461F0081192F /* AccessToBackground.swift */; };
		559B61F32C90461F0081192F /* BackgroundTasks.swift in Sources */ = {isa = PBXBuildFile; fileRef = 559B61CD2C90461F0081192F /* BackgroundTasks.swift */; };
		559B61F42C90461F0081192F /* CoreDataManager.swift in Sources */ = {isa = PBXBuildFile; fileRef = 559B61CF2C90461F0081192F /* CoreDataManager.swift */; };
		559B61F62C90461F0081192F /* RequestFactory.swift in Sources */ = {isa = PBXBuildFile; fileRef = 559B61D12C90461F0081192F /* RequestFactory.swift */; };
		559B61F72C90461F0081192F /* ClearCache.swift in Sources */ = {isa = PBXBuildFile; fileRef = 559B61D32C90461F0081192F /* ClearCache.swift */; };
		559B61F92C90461F0081192F /* PushSubscribe.swift in Sources */ = {isa = PBXBuildFile; fileRef = 559B61D52C90461F0081192F /* PushSubscribe.swift */; };
		559B61FA2C90461F0081192F /* Retry.swift in Sources */ = {isa = PBXBuildFile; fileRef = 559B61D62C90461F0081192F /* Retry.swift */; };
		559B61FB2C90461F0081192F /* StoredVariablesManager.swift in Sources */ = {isa = PBXBuildFile; fileRef = 559B61D72C90461F0081192F /* StoredVariablesManager.swift */; };
		559B61FC2C90461F0081192F /* TokenUpdate.swift in Sources */ = {isa = PBXBuildFile; fileRef = 559B61D82C90461F0081192F /* TokenUpdate.swift */; };
		559B61FD2C90461F0081192F /* ClearingDb.swift in Sources */ = {isa = PBXBuildFile; fileRef = 559B61DA2C90461F0081192F /* ClearingDb.swift */; };
		559B61FE2C90461F0081192F /* ConfigDbQueries.swift in Sources */ = {isa = PBXBuildFile; fileRef = 559B61DB2C90461F0081192F /* ConfigDbQueries.swift */; };
		559B62032C90461F0081192F /* Events.swift in Sources */ = {isa = PBXBuildFile; fileRef = 559B61E12C90461F0081192F /* Events.swift */; };
		559B62052C90461F0081192F /* AltcraftSDK.swift in Sources */ = {isa = PBXBuildFile; fileRef = 559B61E52C90461F0081192F /* AltcraftSDK.swift */; };
		559B62062C90461F0081192F /* DataBase.xcdatamodeld in Sources */ = {isa = PBXBuildFile; fileRef = 559B61E62C90461F0081192F /* DataBase.xcdatamodeld */; };
		559B62072C90461F0081192F /* Constants.swift in Sources */ = {isa = PBXBuildFile; fileRef = 559B61E82C90461F0081192F /* Constants.swift */; };
		559B62092C90461F0081192F /* Structures.swift in Sources */ = {isa = PBXBuildFile; fileRef = 559B61EA2C90461F0081192F /* Structures.swift */; };
		559B620A2C90461F0081192F /* AltcraftPushReceiver.swift in Sources */ = {isa = PBXBuildFile; fileRef = 559B61EC2C90461F0081192F /* AltcraftPushReceiver.swift */; };
		559B620B2C90461F0081192F /* NotificationManager.swift in Sources */ = {isa = PBXBuildFile; fileRef = 559B61ED2C90461F0081192F /* NotificationManager.swift */; };
		559B620C2C90461F0081192F /* PushAction.swift in Sources */ = {isa = PBXBuildFile; fileRef = 559B61EE2C90461F0081192F /* PushAction.swift */; };
		559F2D4D2E251CB000C5B7EE /* TokenManager.swift in Sources */ = {isa = PBXBuildFile; fileRef = 559F2D4C2E251CB000C5B7EE /* TokenManager.swift */; };
		559F2D592E252BF000C5B7EE /* APNSInterface.swift in Sources */ = {isa = PBXBuildFile; fileRef = 559F2D582E252BF000C5B7EE /* APNSInterface.swift */; };
		559F2D5B2E252C0D00C5B7EE /* FCMInterface.swift in Sources */ = {isa = PBXBuildFile; fileRef = 559F2D5A2E252C0D00C5B7EE /* FCMInterface.swift */; };
		559F2D5D2E252C2600C5B7EE /* HMSInterface.swift in Sources */ = {isa = PBXBuildFile; fileRef = 559F2D5C2E252C2600C5B7EE /* HMSInterface.swift */; };
		559F2D602E2532FE00C5B7EE /* JWTInterface.swift in Sources */ = {isa = PBXBuildFile; fileRef = 559F2D5F2E2532FE00C5B7EE /* JWTInterface.swift */; };
		559F2D622E2533C800C5B7EE /* PublicPushTokenFunctions.swift in Sources */ = {isa = PBXBuildFile; fileRef = 559F2D612E2533C800C5B7EE /* PublicPushTokenFunctions.swift */; };
		55A672C42EAA4F9600BFDBAD /* IsolatedTestCase.swift in Sources */ = {isa = PBXBuildFile; fileRef = 55A672C32EAA4F9600BFDBAD /* IsolatedTestCase.swift */; };
		55A672CC2EAA65C900BFDBAD /* MobileEventTests.swift in Sources */ = {isa = PBXBuildFile; fileRef = 55A672CB2EAA65C900BFDBAD /* MobileEventTests.swift */; };
		55A672CE2EAA68DB00BFDBAD /* MobileEventCommandQueueTests.swift in Sources */ = {isa = PBXBuildFile; fileRef = 55A672CD2EAA68DB00BFDBAD /* MobileEventCommandQueueTests.swift */; };
		55A672D02EAA71D000BFDBAD /* UserDefaultsIsolation.swift in Sources */ = {isa = PBXBuildFile; fileRef = 55A672CF2EAA71D000BFDBAD /* UserDefaultsIsolation.swift */; };
		55A672D22EAA722D00BFDBAD /* CoreDataIsolation.swift in Sources */ = {isa = PBXBuildFile; fileRef = 55A672D12EAA722D00BFDBAD /* CoreDataIsolation.swift */; };
		55A672D42EAA79F500BFDBAD /* PartsFactoryTests.swift in Sources */ = {isa = PBXBuildFile; fileRef = 55A672D32EAA79F500BFDBAD /* PartsFactoryTests.swift */; };
		55A672D62EAA7A8A00BFDBAD /* MultipartBodyTests.swift in Sources */ = {isa = PBXBuildFile; fileRef = 55A672D52EAA7A8A00BFDBAD /* MultipartBodyTests.swift */; };
		55A672D82EAAD07400BFDBAD /* ImageFormatTests.swift in Sources */ = {isa = PBXBuildFile; fileRef = 55A672D72EAAD07400BFDBAD /* ImageFormatTests.swift */; };
		55A672DA2EABADA200BFDBAD /* AltcraftObjCTypesTests.swift in Sources */ = {isa = PBXBuildFile; fileRef = 55A672D92EABADA200BFDBAD /* AltcraftObjCTypesTests.swift */; };
		55B314902E7AC77F00A3F9E4 /* TestCoreDataStack.swift in Sources */ = {isa = PBXBuildFile; fileRef = 55B3148F2E7AC77F00A3F9E4 /* TestCoreDataStack.swift */; };
		55B314922E7AC85000A3F9E4 /* UserDefaultsSandbox.swift in Sources */ = {isa = PBXBuildFile; fileRef = 55B314912E7AC85000A3F9E4 /* UserDefaultsSandbox.swift */; };
		55B314942E7AC88100A3F9E4 /* MockURLSession.swift in Sources */ = {isa = PBXBuildFile; fileRef = 55B314932E7AC88100A3F9E4 /* MockURLSession.swift */; };
		55B314992E7ACF8B00A3F9E4 /* StringBuilderTests.swift in Sources */ = {isa = PBXBuildFile; fileRef = 55B314982E7ACF8B00A3F9E4 /* StringBuilderTests.swift */; };
		55B3149B2E7AD39E00A3F9E4 /* ExtensionTests.swift in Sources */ = {isa = PBXBuildFile; fileRef = 55B3149A2E7AD39E00A3F9E4 /* ExtensionTests.swift */; };
		55B3149D2E7C542900A3F9E4 /* MapBuilderTests.swift in Sources */ = {isa = PBXBuildFile; fileRef = 55B3149C2E7C542900A3F9E4 /* MapBuilderTests.swift */; };
		55B3149F2E7C564400A3F9E4 /* ActionFieldBuilderTests.swift in Sources */ = {isa = PBXBuildFile; fileRef = 55B3149E2E7C564400A3F9E4 /* ActionFieldBuilderTests.swift */; };
		55B314A12E7C56DA00A3F9E4 /* PairBuilderTests.swift in Sources */ = {isa = PBXBuildFile; fileRef = 55B314A02E7C56DA00A3F9E4 /* PairBuilderTests.swift */; };
		55B314A52E7C588100A3F9E4 /* AuthManagerTests.swift in Sources */ = {isa = PBXBuildFile; fileRef = 55B314A42E7C588100A3F9E4 /* AuthManagerTests.swift */; };
		55B314AA2E7C5F1D00A3F9E4 /* AltcraftConfigurationTests.swift in Sources */ = {isa = PBXBuildFile; fileRef = 55B314A92E7C5F1D00A3F9E4 /* AltcraftConfigurationTests.swift */; };
		55B314AF2E7C635A00A3F9E4 /* StoredVariablesManagerTests.swift in Sources */ = {isa = PBXBuildFile; fileRef = 55B314AE2E7C635A00A3F9E4 /* StoredVariablesManagerTests.swift */; };
		55B314B12E7C669200A3F9E4 /* ConverterTests.swift in Sources */ = {isa = PBXBuildFile; fileRef = 55B314B02E7C669200A3F9E4 /* ConverterTests.swift */; };
		55B314B32E7D444B00A3F9E4 /* RepositoryTests.swift in Sources */ = {isa = PBXBuildFile; fileRef = 55B314B22E7D444B00A3F9E4 /* RepositoryTests.swift */; };
		55B314B62E7D469C00A3F9E4 /* CoreDataManagerTests.swift in Sources */ = {isa = PBXBuildFile; fileRef = 55B314B52E7D469C00A3F9E4 /* CoreDataManagerTests.swift */; };
		55B314B82E7D484400A3F9E4 /* ClearingDbTests.swift in Sources */ = {isa = PBXBuildFile; fileRef = 55B314B72E7D484400A3F9E4 /* ClearingDbTests.swift */; };
		55D3CCB62DB78BE700A4F2D7 /* PublicPushSubscriptionFunctions.swift in Sources */ = {isa = PBXBuildFile; fileRef = 55D3CCB52DB78BE700A4F2D7 /* PublicPushSubscriptionFunctions.swift */; };
		55D3CCB82DB7B0E600A4F2D7 /* ActionFieldBuilder.swift in Sources */ = {isa = PBXBuildFile; fileRef = 55D3CCB72DB7B0E600A4F2D7 /* ActionFieldBuilder.swift */; };
		55D3CCCB2DD201DA00A4F2D7 /* PairBuilder.swift in Sources */ = {isa = PBXBuildFile; fileRef = 55D3CCCA2DD201DA00A4F2D7 /* PairBuilder.swift */; };
		55EA85CF2E66E6C3001CC5A5 /* ForegroundCheck.swift in Sources */ = {isa = PBXBuildFile; fileRef = 55EA85CE2E66E6C3001CC5A5 /* ForegroundCheck.swift */; };
		55EA85ED2E6F3AB4001CC5A5 /* PublicPushEventFunctions.swift in Sources */ = {isa = PBXBuildFile; fileRef = 55EA85EC2E6F3AB4001CC5A5 /* PublicPushEventFunctions.swift */; };
		55EA85F02E6F3ADC001CC5A5 /* PushEvent.swift in Sources */ = {isa = PBXBuildFile; fileRef = 55EA85EF2E6F3ADC001CC5A5 /* PushEvent.swift */; };
		55EE32BE2EAF5D8F003B84C9 /* MobileEventDbQueriesTests.swift in Sources */ = {isa = PBXBuildFile; fileRef = 55EE32BD2EAF5D8E003B84C9 /* MobileEventDbQueriesTests.swift */; };
		55EE32C02EAFC24C003B84C9 /* CommonsDbQueries.swift in Sources */ = {isa = PBXBuildFile; fileRef = 55EE32BF2EAFC24C003B84C9 /* CommonsDbQueries.swift */; };
		55EE32C22EB0BFED003B84C9 /* CommonsDbQueriesTests.swift in Sources */ = {isa = PBXBuildFile; fileRef = 55EE32C12EB0BFED003B84C9 /* CommonsDbQueriesTests.swift */; };
		55EE32C52EB0F95F003B84C9 /* TokenManagerIsolated.swift in Sources */ = {isa = PBXBuildFile; fileRef = 55EE32C42EB0F95F003B84C9 /* TokenManagerIsolated.swift */; };
		55EE32C72EB0F98C003B84C9 /* MockProviders.swift in Sources */ = {isa = PBXBuildFile; fileRef = 55EE32C62EB0F98C003B84C9 /* MockProviders.swift */; };
/* End PBXBuildFile section */

/* Begin PBXContainerItemProxy section */
		550956242E7AB38B000BFBA8 /* PBXContainerItemProxy */ = {
			isa = PBXContainerItemProxy;
			containerPortal = 559B61A72C903EF90081192F /* Project object */;
			proxyType = 1;
			remoteGlobalIDString = 559B61AF2C903EF90081192F;
			remoteInfo = Altcraft;
		};
/* End PBXContainerItemProxy section */

/* Begin PBXFileReference section */
		550956072E7951ED000BFBA8 /* RetryManager.swift */ = {isa = PBXFileReference; lastKnownFileType = sourcecode.swift; path = RetryManager.swift; sourceTree = "<group>"; };
		5509561F2E7AB38B000BFBA8 /* AltcraftTests.xctest */ = {isa = PBXFileReference; explicitFileType = wrapper.cfbundle; includeInIndex = 0; path = AltcraftTests.xctest; sourceTree = BUILT_PRODUCTS_DIR; };
		5509FA9B2D5114F700B1DE03 /* SubscribeDbQueries.swift */ = {isa = PBXFileReference; lastKnownFileType = sourcecode.swift; path = SubscribeDbQueries.swift; sourceTree = "<group>"; };
		5509FAA32D6CC8DC00B1DE03 /* EventList.swift */ = {isa = PBXFileReference; lastKnownFileType = sourcecode.swift; path = EventList.swift; sourceTree = "<group>"; };
		5516B3322D7AF881001FAF66 /* JWTManager.swift */ = {isa = PBXFileReference; lastKnownFileType = sourcecode.swift; path = JWTManager.swift; sourceTree = "<group>"; };
		5516B3352D7AFB96001FAF66 /* DeviceInfo.swift */ = {isa = PBXFileReference; lastKnownFileType = sourcecode.swift; path = DeviceInfo.swift; sourceTree = "<group>"; };
		5516B3372D7B139E001FAF66 /* AuthManager.swift */ = {isa = PBXFileReference; lastKnownFileType = sourcecode.swift; path = AuthManager.swift; sourceTree = "<group>"; };
		5516B3472D93F3D1001FAF66 /* Converter.swift */ = {isa = PBXFileReference; lastKnownFileType = sourcecode.swift; path = Converter.swift; sourceTree = "<group>"; };
		5516B3492D942811001FAF66 /* Extension.swift */ = {isa = PBXFileReference; lastKnownFileType = sourcecode.swift; path = Extension.swift; sourceTree = "<group>"; };
		5516B34B2D958762001FAF66 /* MapBuilder.swift */ = {isa = PBXFileReference; lastKnownFileType = sourcecode.swift; path = MapBuilder.swift; sourceTree = "<group>"; };
		5516B3512D96AF65001FAF66 /* Repository.swift */ = {isa = PBXFileReference; lastKnownFileType = sourcecode.swift; path = Repository.swift; sourceTree = "<group>"; };
		5516B3532D9C0517001FAF66 /* PushEventDbQueries.swift */ = {isa = PBXFileReference; lastKnownFileType = sourcecode.swift; path = PushEventDbQueries.swift; sourceTree = "<group>"; };
		5516B3572D9C1B3F001FAF66 /* JsonFactory.swift */ = {isa = PBXFileReference; lastKnownFileType = sourcecode.swift; path = JsonFactory.swift; sourceTree = "<group>"; };
		552BCF822E7D61B5008A9116 /* ConfigDbQueriesTests.swift */ = {isa = PBXFileReference; lastKnownFileType = sourcecode.swift; path = ConfigDbQueriesTests.swift; sourceTree = "<group>"; };
		552BCF842E7D65EB008A9116 /* SubscribeDbQueriesTests.swift */ = {isa = PBXFileReference; lastKnownFileType = sourcecode.swift; path = SubscribeDbQueriesTests.swift; sourceTree = "<group>"; };
		552BCF862E7D6DDF008A9116 /* PushEventDbQueriesTests.swift */ = {isa = PBXFileReference; lastKnownFileType = sourcecode.swift; path = PushEventDbQueriesTests.swift; sourceTree = "<group>"; };
		552BCF892E7D753F008A9116 /* DeviceInfoTests.swift */ = {isa = PBXFileReference; lastKnownFileType = sourcecode.swift; path = DeviceInfoTests.swift; sourceTree = "<group>"; };
		552BCF8D2E7D7A4D008A9116 /* SDKEventsTests.swift */ = {isa = PBXFileReference; lastKnownFileType = sourcecode.swift; path = SDKEventsTests.swift; sourceTree = "<group>"; };
		552BCF902E7D7AE9008A9116 /* RequestFactoryTests.swift */ = {isa = PBXFileReference; lastKnownFileType = sourcecode.swift; path = RequestFactoryTests.swift; sourceTree = "<group>"; };
		552BCF922E7D7C19008A9116 /* JsonFactoryTests.swift */ = {isa = PBXFileReference; lastKnownFileType = sourcecode.swift; path = JsonFactoryTests.swift; sourceTree = "<group>"; };
		552BCF962E7D8413008A9116 /* PushEventTests.swift */ = {isa = PBXFileReference; lastKnownFileType = sourcecode.swift; path = PushEventTests.swift; sourceTree = "<group>"; };
		552BCF9C2E7D8680008A9116 /* RequestManagerTests.swift */ = {isa = PBXFileReference; lastKnownFileType = sourcecode.swift; path = RequestManagerTests.swift; sourceTree = "<group>"; };
		552BCF9E2E7D87DF008A9116 /* TokenUpdateTests.swift */ = {isa = PBXFileReference; lastKnownFileType = sourcecode.swift; path = TokenUpdateTests.swift; sourceTree = "<group>"; };
		552BCFA02E7D886F008A9116 /* TokenManagerTests.swift */ = {isa = PBXFileReference; lastKnownFileType = sourcecode.swift; path = TokenManagerTests.swift; sourceTree = "<group>"; };
		552BCFA22E7D8E24008A9116 /* PublicPushTokenFunctionsTests.swift */ = {isa = PBXFileReference; lastKnownFileType = sourcecode.swift; path = PublicPushTokenFunctionsTests.swift; sourceTree = "<group>"; };
		552BCFA52E7D90A7008A9116 /* PushSubscribeTests.swift */ = {isa = PBXFileReference; lastKnownFileType = sourcecode.swift; path = PushSubscribeTests.swift; sourceTree = "<group>"; };
		552BCFA72E7D9154008A9116 /* PublicPushSubscriptionTests.swift */ = {isa = PBXFileReference; lastKnownFileType = sourcecode.swift; path = PublicPushSubscriptionTests.swift; sourceTree = "<group>"; };
		552BCFA92E7D92DC008A9116 /* SubscribeCommandQueueTests.swift */ = {isa = PBXFileReference; lastKnownFileType = sourcecode.swift; path = SubscribeCommandQueueTests.swift; sourceTree = "<group>"; };
		552BCFAB2E7D9E41008A9116 /* ImageFormat.swift */ = {isa = PBXFileReference; lastKnownFileType = sourcecode.swift; path = ImageFormat.swift; sourceTree = "<group>"; };
		552BCFAD2E7DA0E4008A9116 /* AltcraftPushReceiverTests.swift */ = {isa = PBXFileReference; lastKnownFileType = sourcecode.swift; path = AltcraftPushReceiverTests.swift; sourceTree = "<group>"; };
		552BCFAF2E7DA289008A9116 /* NotificationManagerTests.swift */ = {isa = PBXFileReference; lastKnownFileType = sourcecode.swift; path = NotificationManagerTests.swift; sourceTree = "<group>"; };
		552BCFB12E7DA32C008A9116 /* PushActionTests.swift */ = {isa = PBXFileReference; lastKnownFileType = sourcecode.swift; path = PushActionTests.swift; sourceTree = "<group>"; };
		552BCFB62E7DA9F7008A9116 /* RetryTests.swift */ = {isa = PBXFileReference; lastKnownFileType = sourcecode.swift; path = RetryTests.swift; sourceTree = "<group>"; };
		552BCFB82E7DAA99008A9116 /* RetryManagerTests.swift */ = {isa = PBXFileReference; lastKnownFileType = sourcecode.swift; path = RetryManagerTests.swift; sourceTree = "<group>"; };
		552BCFBB2E7DADD3008A9116 /* ClearCacheTests.swift */ = {isa = PBXFileReference; lastKnownFileType = sourcecode.swift; path = ClearCacheTests.swift; sourceTree = "<group>"; };
		552BCFBE2E7DAE43008A9116 /* InitTests.swift */ = {isa = PBXFileReference; lastKnownFileType = sourcecode.swift; path = InitTests.swift; sourceTree = "<group>"; };
		552BCFC02E7DAF49008A9116 /* AccessToBackgroundTests.swift */ = {isa = PBXFileReference; lastKnownFileType = sourcecode.swift; path = AccessToBackgroundTests.swift; sourceTree = "<group>"; };
		552BCFC22E7DB253008A9116 /* BackgroundTaskTests.swift */ = {isa = PBXFileReference; lastKnownFileType = sourcecode.swift; path = BackgroundTaskTests.swift; sourceTree = "<group>"; };
		55302B972E93AF4B003A1A4C /* MobileEvent.swift */ = {isa = PBXFileReference; lastKnownFileType = sourcecode.swift; path = MobileEvent.swift; sourceTree = "<group>"; };
		55302B992E93B800003A1A4C /* MobileEventQueue.swift */ = {isa = PBXFileReference; lastKnownFileType = sourcecode.swift; path = MobileEventQueue.swift; sourceTree = "<group>"; };
		55302B9B2E93CD6F003A1A4C /* MobileEventDbQueries.swift */ = {isa = PBXFileReference; lastKnownFileType = sourcecode.swift; path = MobileEventDbQueries.swift; sourceTree = "<group>"; };
		55302B9D2E93EFCA003A1A4C /* PartsFactory.swift */ = {isa = PBXFileReference; lastKnownFileType = sourcecode.swift; path = PartsFactory.swift; sourceTree = "<group>"; };
		55302BB42E9554CF003A1A4C /* MultipartBody.swift */ = {isa = PBXFileReference; lastKnownFileType = sourcecode.swift; path = MultipartBody.swift; sourceTree = "<group>"; };
		55302BB62E968C42003A1A4C /* PublicMobileEventFunctions.swift */ = {isa = PBXFileReference; lastKnownFileType = sourcecode.swift; path = PublicMobileEventFunctions.swift; sourceTree = "<group>"; };
		55302BC12E9E3CCC003A1A4C /* Subscription.swift */ = {isa = PBXFileReference; lastKnownFileType = sourcecode.swift; path = Subscription.swift; sourceTree = "<group>"; };
		55302C912EA11A1A003A1A4C /* AltcraftObjCTypes.swift */ = {isa = PBXFileReference; lastKnownFileType = sourcecode.swift; path = AltcraftObjCTypes.swift; sourceTree = "<group>"; };
		553B085C2E5DD49C004526D6 /* SubscribeQueue.swift */ = {isa = PBXFileReference; lastKnownFileType = sourcecode.swift; path = SubscribeQueue.swift; sourceTree = "<group>"; };
		55527FB02D314BCE00919755 /* StringBuilder.swift */ = {isa = PBXFileReference; lastKnownFileType = sourcecode.swift; path = StringBuilder.swift; sourceTree = "<group>"; };
		55654E762EB55922000BF004 /* CoreDataMigrationTests.swift */ = {isa = PBXFileReference; lastKnownFileType = sourcecode.swift; path = CoreDataMigrationTests.swift; sourceTree = "<group>"; };
		556FC7382E30D2D2000584AA /* Init.swift */ = {isa = PBXFileReference; lastKnownFileType = sourcecode.swift; path = Init.swift; sourceTree = "<group>"; };
		556FC73A2E30EE99000584AA /* Core.swift */ = {isa = PBXFileReference; lastKnownFileType = sourcecode.swift; path = Core.swift; sourceTree = "<group>"; };
		557556D22CE2566900F6B50C /* NetworkMonitor.swift */ = {isa = PBXFileReference; lastKnownFileType = sourcecode.swift; path = NetworkMonitor.swift; sourceTree = "<group>"; };
		5579FD5E2D9D6F110000131C /* RequestManager.swift */ = {isa = PBXFileReference; lastKnownFileType = sourcecode.swift; path = RequestManager.swift; sourceTree = "<group>"; };
		559878A72EB367EB008C6A35 /* PushEventEntity+CoreDataClass.swift */ = {isa = PBXFileReference; lastKnownFileType = sourcecode.swift; path = "PushEventEntity+CoreDataClass.swift"; sourceTree = "<group>"; };
		559878A82EB367EB008C6A35 /* PushEventEntity+CoreDataProperties.swift */ = {isa = PBXFileReference; lastKnownFileType = sourcecode.swift; path = "PushEventEntity+CoreDataProperties.swift"; sourceTree = "<group>"; };
		559878A92EB367EB008C6A35 /* SubscribeEntity+CoreDataClass.swift */ = {isa = PBXFileReference; lastKnownFileType = sourcecode.swift; path = "SubscribeEntity+CoreDataClass.swift"; sourceTree = "<group>"; };
		559878AA2EB367EB008C6A35 /* SubscribeEntity+CoreDataProperties.swift */ = {isa = PBXFileReference; lastKnownFileType = sourcecode.swift; path = "SubscribeEntity+CoreDataProperties.swift"; sourceTree = "<group>"; };
		559878AB2EB367EB008C6A35 /* ConfigurationEntity+CoreDataClass.swift */ = {isa = PBXFileReference; lastKnownFileType = sourcecode.swift; path = "ConfigurationEntity+CoreDataClass.swift"; sourceTree = "<group>"; };
		559878AC2EB367EB008C6A35 /* ConfigurationEntity+CoreDataProperties.swift */ = {isa = PBXFileReference; lastKnownFileType = sourcecode.swift; path = "ConfigurationEntity+CoreDataProperties.swift"; sourceTree = "<group>"; };
		559878AD2EB367EB008C6A35 /* MobileEventEntity+CoreDataClass.swift */ = {isa = PBXFileReference; lastKnownFileType = sourcecode.swift; path = "MobileEventEntity+CoreDataClass.swift"; sourceTree = "<group>"; };
		559878AE2EB367EB008C6A35 /* MobileEventEntity+CoreDataProperties.swift */ = {isa = PBXFileReference; lastKnownFileType = sourcecode.swift; path = "MobileEventEntity+CoreDataProperties.swift"; sourceTree = "<group>"; };
		559878ED2EB4B1B4008C6A35 /* CoreDataMigrator.swift */ = {isa = PBXFileReference; lastKnownFileType = sourcecode.swift; path = CoreDataMigrator.swift; sourceTree = "<group>"; };
		559878EF2EB4B766008C6A35 /* Altcraft_Model_v01.xcdatamodel */ = {isa = PBXFileReference; lastKnownFileType = wrapper.xcdatamodel; path = Altcraft_Model_v01.xcdatamodel; sourceTree = "<group>"; };
		559B61B02C903EF90081192F /* Altcraft.framework */ = {isa = PBXFileReference; explicitFileType = wrapper.framework; includeInIndex = 0; path = Altcraft.framework; sourceTree = BUILT_PRODUCTS_DIR; };
		559B61B32C903EF90081192F /* Altcraft.h */ = {isa = PBXFileReference; lastKnownFileType = sourcecode.c.h; path = Altcraft.h; sourceTree = "<group>"; };
		559B61B42C903EF90081192F /* Altcraft.docc */ = {isa = PBXFileReference; lastKnownFileType = folder.documentationcatalog; path = Altcraft.docc; sourceTree = "<group>"; };
		559B61CA2C90461F0081192F /* AltcraftConfiguration.swift */ = {isa = PBXFileReference; fileEncoding = 4; lastKnownFileType = sourcecode.swift; path = AltcraftConfiguration.swift; sourceTree = "<group>"; };
		559B61CC2C90461F0081192F /* AccessToBackground.swift */ = {isa = PBXFileReference; fileEncoding = 4; lastKnownFileType = sourcecode.swift; path = AccessToBackground.swift; sourceTree = "<group>"; };
		559B61CD2C90461F0081192F /* BackgroundTasks.swift */ = {isa = PBXFileReference; fileEncoding = 4; lastKnownFileType = sourcecode.swift; path = BackgroundTasks.swift; sourceTree = "<group>"; };
		559B61CF2C90461F0081192F /* CoreDataManager.swift */ = {isa = PBXFileReference; fileEncoding = 4; lastKnownFileType = sourcecode.swift; path = CoreDataManager.swift; sourceTree = "<group>"; };
		559B61D12C90461F0081192F /* RequestFactory.swift */ = {isa = PBXFileReference; fileEncoding = 4; lastKnownFileType = sourcecode.swift; path = RequestFactory.swift; sourceTree = "<group>"; };
		559B61D32C90461F0081192F /* ClearCache.swift */ = {isa = PBXFileReference; fileEncoding = 4; lastKnownFileType = sourcecode.swift; path = ClearCache.swift; sourceTree = "<group>"; };
		559B61D52C90461F0081192F /* PushSubscribe.swift */ = {isa = PBXFileReference; fileEncoding = 4; lastKnownFileType = sourcecode.swift; path = PushSubscribe.swift; sourceTree = "<group>"; };
		559B61D62C90461F0081192F /* Retry.swift */ = {isa = PBXFileReference; fileEncoding = 4; lastKnownFileType = sourcecode.swift; path = Retry.swift; sourceTree = "<group>"; };
		559B61D72C90461F0081192F /* StoredVariablesManager.swift */ = {isa = PBXFileReference; fileEncoding = 4; lastKnownFileType = sourcecode.swift; path = StoredVariablesManager.swift; sourceTree = "<group>"; };
		559B61D82C90461F0081192F /* TokenUpdate.swift */ = {isa = PBXFileReference; fileEncoding = 4; lastKnownFileType = sourcecode.swift; path = TokenUpdate.swift; sourceTree = "<group>"; };
		559B61DA2C90461F0081192F /* ClearingDb.swift */ = {isa = PBXFileReference; fileEncoding = 4; lastKnownFileType = sourcecode.swift; path = ClearingDb.swift; sourceTree = "<group>"; };
		559B61DB2C90461F0081192F /* ConfigDbQueries.swift */ = {isa = PBXFileReference; fileEncoding = 4; lastKnownFileType = sourcecode.swift; path = ConfigDbQueries.swift; sourceTree = "<group>"; };
		559B61E12C90461F0081192F /* Events.swift */ = {isa = PBXFileReference; fileEncoding = 4; lastKnownFileType = sourcecode.swift; path = Events.swift; sourceTree = "<group>"; };
		559B61E52C90461F0081192F /* AltcraftSDK.swift */ = {isa = PBXFileReference; fileEncoding = 4; lastKnownFileType = sourcecode.swift; path = AltcraftSDK.swift; sourceTree = "<group>"; };
		559B61E72C90461F0081192F /* DataBase.xcdatamodel */ = {isa = PBXFileReference; lastKnownFileType = wrapper.xcdatamodel; path = DataBase.xcdatamodel; sourceTree = "<group>"; };
		559B61E82C90461F0081192F /* Constants.swift */ = {isa = PBXFileReference; fileEncoding = 4; lastKnownFileType = sourcecode.swift; path = Constants.swift; sourceTree = "<group>"; };
		559B61EA2C90461F0081192F /* Structures.swift */ = {isa = PBXFileReference; fileEncoding = 4; lastKnownFileType = sourcecode.swift; path = Structures.swift; sourceTree = "<group>"; };
		559B61EC2C90461F0081192F /* AltcraftPushReceiver.swift */ = {isa = PBXFileReference; fileEncoding = 4; lastKnownFileType = sourcecode.swift; path = AltcraftPushReceiver.swift; sourceTree = "<group>"; };
		559B61ED2C90461F0081192F /* NotificationManager.swift */ = {isa = PBXFileReference; fileEncoding = 4; lastKnownFileType = sourcecode.swift; path = NotificationManager.swift; sourceTree = "<group>"; };
		559B61EE2C90461F0081192F /* PushAction.swift */ = {isa = PBXFileReference; fileEncoding = 4; lastKnownFileType = sourcecode.swift; path = PushAction.swift; sourceTree = "<group>"; };
		559F2D4C2E251CB000C5B7EE /* TokenManager.swift */ = {isa = PBXFileReference; lastKnownFileType = sourcecode.swift; path = TokenManager.swift; sourceTree = "<group>"; };
		559F2D582E252BF000C5B7EE /* APNSInterface.swift */ = {isa = PBXFileReference; lastKnownFileType = sourcecode.swift; path = APNSInterface.swift; sourceTree = "<group>"; };
		559F2D5A2E252C0D00C5B7EE /* FCMInterface.swift */ = {isa = PBXFileReference; lastKnownFileType = sourcecode.swift; path = FCMInterface.swift; sourceTree = "<group>"; };
		559F2D5C2E252C2600C5B7EE /* HMSInterface.swift */ = {isa = PBXFileReference; lastKnownFileType = sourcecode.swift; path = HMSInterface.swift; sourceTree = "<group>"; };
		559F2D5F2E2532FE00C5B7EE /* JWTInterface.swift */ = {isa = PBXFileReference; lastKnownFileType = sourcecode.swift; path = JWTInterface.swift; sourceTree = "<group>"; };
		559F2D612E2533C800C5B7EE /* PublicPushTokenFunctions.swift */ = {isa = PBXFileReference; lastKnownFileType = sourcecode.swift; path = PublicPushTokenFunctions.swift; sourceTree = "<group>"; };
		55A672C32EAA4F9600BFDBAD /* IsolatedTestCase.swift */ = {isa = PBXFileReference; lastKnownFileType = sourcecode.swift; path = IsolatedTestCase.swift; sourceTree = "<group>"; };
		55A672CB2EAA65C900BFDBAD /* MobileEventTests.swift */ = {isa = PBXFileReference; lastKnownFileType = sourcecode.swift; path = MobileEventTests.swift; sourceTree = "<group>"; };
		55A672CD2EAA68DB00BFDBAD /* MobileEventCommandQueueTests.swift */ = {isa = PBXFileReference; lastKnownFileType = sourcecode.swift; path = MobileEventCommandQueueTests.swift; sourceTree = "<group>"; };
		55A672CF2EAA71D000BFDBAD /* UserDefaultsIsolation.swift */ = {isa = PBXFileReference; lastKnownFileType = sourcecode.swift; path = UserDefaultsIsolation.swift; sourceTree = "<group>"; };
		55A672D12EAA722D00BFDBAD /* CoreDataIsolation.swift */ = {isa = PBXFileReference; lastKnownFileType = sourcecode.swift; path = CoreDataIsolation.swift; sourceTree = "<group>"; };
		55A672D32EAA79F500BFDBAD /* PartsFactoryTests.swift */ = {isa = PBXFileReference; lastKnownFileType = sourcecode.swift; path = PartsFactoryTests.swift; sourceTree = "<group>"; };
		55A672D52EAA7A8A00BFDBAD /* MultipartBodyTests.swift */ = {isa = PBXFileReference; lastKnownFileType = sourcecode.swift; path = MultipartBodyTests.swift; sourceTree = "<group>"; };
		55A672D72EAAD07400BFDBAD /* ImageFormatTests.swift */ = {isa = PBXFileReference; lastKnownFileType = sourcecode.swift; path = ImageFormatTests.swift; sourceTree = "<group>"; };
		55A672D92EABADA200BFDBAD /* AltcraftObjCTypesTests.swift */ = {isa = PBXFileReference; lastKnownFileType = sourcecode.swift; path = AltcraftObjCTypesTests.swift; sourceTree = "<group>"; };
		55B3148F2E7AC77F00A3F9E4 /* TestCoreDataStack.swift */ = {isa = PBXFileReference; lastKnownFileType = sourcecode.swift; path = TestCoreDataStack.swift; sourceTree = "<group>"; };
		55B314912E7AC85000A3F9E4 /* UserDefaultsSandbox.swift */ = {isa = PBXFileReference; lastKnownFileType = sourcecode.swift; path = UserDefaultsSandbox.swift; sourceTree = "<group>"; };
		55B314932E7AC88100A3F9E4 /* MockURLSession.swift */ = {isa = PBXFileReference; lastKnownFileType = sourcecode.swift; path = MockURLSession.swift; sourceTree = "<group>"; };
		55B314982E7ACF8B00A3F9E4 /* StringBuilderTests.swift */ = {isa = PBXFileReference; lastKnownFileType = sourcecode.swift; path = StringBuilderTests.swift; sourceTree = "<group>"; };
		55B3149A2E7AD39E00A3F9E4 /* ExtensionTests.swift */ = {isa = PBXFileReference; lastKnownFileType = sourcecode.swift; path = ExtensionTests.swift; sourceTree = "<group>"; };
		55B3149C2E7C542900A3F9E4 /* MapBuilderTests.swift */ = {isa = PBXFileReference; lastKnownFileType = sourcecode.swift; path = MapBuilderTests.swift; sourceTree = "<group>"; };
		55B3149E2E7C564400A3F9E4 /* ActionFieldBuilderTests.swift */ = {isa = PBXFileReference; lastKnownFileType = sourcecode.swift; path = ActionFieldBuilderTests.swift; sourceTree = "<group>"; };
		55B314A02E7C56DA00A3F9E4 /* PairBuilderTests.swift */ = {isa = PBXFileReference; lastKnownFileType = sourcecode.swift; path = PairBuilderTests.swift; sourceTree = "<group>"; };
		55B314A42E7C588100A3F9E4 /* AuthManagerTests.swift */ = {isa = PBXFileReference; lastKnownFileType = sourcecode.swift; path = AuthManagerTests.swift; sourceTree = "<group>"; };
		55B314A92E7C5F1D00A3F9E4 /* AltcraftConfigurationTests.swift */ = {isa = PBXFileReference; lastKnownFileType = sourcecode.swift; path = AltcraftConfigurationTests.swift; sourceTree = "<group>"; };
		55B314AE2E7C635A00A3F9E4 /* StoredVariablesManagerTests.swift */ = {isa = PBXFileReference; lastKnownFileType = sourcecode.swift; path = StoredVariablesManagerTests.swift; sourceTree = "<group>"; };
		55B314B02E7C669200A3F9E4 /* ConverterTests.swift */ = {isa = PBXFileReference; lastKnownFileType = sourcecode.swift; path = ConverterTests.swift; sourceTree = "<group>"; };
		55B314B22E7D444B00A3F9E4 /* RepositoryTests.swift */ = {isa = PBXFileReference; lastKnownFileType = sourcecode.swift; path = RepositoryTests.swift; sourceTree = "<group>"; };
		55B314B52E7D469C00A3F9E4 /* CoreDataManagerTests.swift */ = {isa = PBXFileReference; lastKnownFileType = sourcecode.swift; path = CoreDataManagerTests.swift; sourceTree = "<group>"; };
		55B314B72E7D484400A3F9E4 /* ClearingDbTests.swift */ = {isa = PBXFileReference; lastKnownFileType = sourcecode.swift; path = ClearingDbTests.swift; sourceTree = "<group>"; };
		55D3CCB52DB78BE700A4F2D7 /* PublicPushSubscriptionFunctions.swift */ = {isa = PBXFileReference; lastKnownFileType = sourcecode.swift; path = PublicPushSubscriptionFunctions.swift; sourceTree = "<group>"; };
		55D3CCB72DB7B0E600A4F2D7 /* ActionFieldBuilder.swift */ = {isa = PBXFileReference; lastKnownFileType = sourcecode.swift; path = ActionFieldBuilder.swift; sourceTree = "<group>"; };
		55D3CCCA2DD201DA00A4F2D7 /* PairBuilder.swift */ = {isa = PBXFileReference; lastKnownFileType = sourcecode.swift; path = PairBuilder.swift; sourceTree = "<group>"; };
		55EA85CE2E66E6C3001CC5A5 /* ForegroundCheck.swift */ = {isa = PBXFileReference; lastKnownFileType = sourcecode.swift; path = ForegroundCheck.swift; sourceTree = "<group>"; };
		55EA85EC2E6F3AB4001CC5A5 /* PublicPushEventFunctions.swift */ = {isa = PBXFileReference; lastKnownFileType = sourcecode.swift; path = PublicPushEventFunctions.swift; sourceTree = "<group>"; };
		55EA85EF2E6F3ADC001CC5A5 /* PushEvent.swift */ = {isa = PBXFileReference; lastKnownFileType = sourcecode.swift; path = PushEvent.swift; sourceTree = "<group>"; };
		55EE32BD2EAF5D8E003B84C9 /* MobileEventDbQueriesTests.swift */ = {isa = PBXFileReference; lastKnownFileType = sourcecode.swift; path = MobileEventDbQueriesTests.swift; sourceTree = "<group>"; };
		55EE32BF2EAFC24C003B84C9 /* CommonsDbQueries.swift */ = {isa = PBXFileReference; lastKnownFileType = sourcecode.swift; path = CommonsDbQueries.swift; sourceTree = "<group>"; };
		55EE32C12EB0BFED003B84C9 /* CommonsDbQueriesTests.swift */ = {isa = PBXFileReference; lastKnownFileType = sourcecode.swift; path = CommonsDbQueriesTests.swift; sourceTree = "<group>"; };
		55EE32C42EB0F95F003B84C9 /* TokenManagerIsolated.swift */ = {isa = PBXFileReference; lastKnownFileType = sourcecode.swift; path = TokenManagerIsolated.swift; sourceTree = "<group>"; };
		55EE32C62EB0F98C003B84C9 /* MockProviders.swift */ = {isa = PBXFileReference; lastKnownFileType = sourcecode.swift; path = MockProviders.swift; sourceTree = "<group>"; };
/* End PBXFileReference section */

/* Begin PBXFrameworksBuildPhase section */
		5509561C2E7AB38B000BFBA8 /* Frameworks */ = {
			isa = PBXFrameworksBuildPhase;
			buildActionMask = 2147483647;
			files = (
				550956232E7AB38B000BFBA8 /* Altcraft.framework in Frameworks */,
			);
			runOnlyForDeploymentPostprocessing = 0;
		};
		559B61AD2C903EF90081192F /* Frameworks */ = {
			isa = PBXFrameworksBuildPhase;
			buildActionMask = 2147483647;
			files = (
			);
			runOnlyForDeploymentPostprocessing = 0;
		};
/* End PBXFrameworksBuildPhase section */

/* Begin PBXGroup section */
		550956122E7AB318000BFBA8 /* AltcraftTests */ = {
			isa = PBXGroup;
			children = (
				55B3148D2E7AC75D00A3F9E4 /* Helpers */,
				55B3148A2E7AC4DE00A3F9E4 /* Mocks */,
				55B314882E7AC4BD00A3F9E4 /* Unit */,
			);
			path = AltcraftTests;
			sourceTree = "<group>";
		};
		5516B3312D7AF81E001FAF66 /* Auth */ = {
			isa = PBXGroup;
			children = (
				5516B3322D7AF881001FAF66 /* JWTManager.swift */,
				5516B3372D7B139E001FAF66 /* AuthManager.swift */,
			);
			path = Auth;
			sourceTree = "<group>";
		};
		5516B3342D7AFB70001FAF66 /* Device */ = {
			isa = PBXGroup;
			children = (
				5516B3352D7AFB96001FAF66 /* DeviceInfo.swift */,
			);
			path = Device;
			sourceTree = "<group>";
		};
		552BCF882E7D752A008A9116 /* Device */ = {
			isa = PBXGroup;
			children = (
				552BCF892E7D753F008A9116 /* DeviceInfoTests.swift */,
			);
			path = Device;
			sourceTree = "<group>";
		};
		552BCF8B2E7D7A2B008A9116 /* SDK_Events */ = {
			isa = PBXGroup;
			children = (
				552BCF8D2E7D7A4D008A9116 /* SDKEventsTests.swift */,
			);
			path = SDK_Events;
			sourceTree = "<group>";
		};
		552BCF8F2E7D7A7E008A9116 /* Factory */ = {
			isa = PBXGroup;
			children = (
				552BCF902E7D7AE9008A9116 /* RequestFactoryTests.swift */,
				552BCF922E7D7C19008A9116 /* JsonFactoryTests.swift */,
			);
			path = Factory;
			sourceTree = "<group>";
		};
		552BCF942E7D83D8008A9116 /* Push */ = {
			isa = PBXGroup;
			children = (
				552BCFB12E7DA32C008A9116 /* PushActionTests.swift */,
				552BCFAD2E7DA0E4008A9116 /* AltcraftPushReceiverTests.swift */,
				552BCFAF2E7DA289008A9116 /* NotificationManagerTests.swift */,
				552BCFA42E7D8E6E008A9116 /* Subscribe */,
				552BCF9B2E7D85CB008A9116 /* Token */,
				552BCF952E7D83E3008A9116 /* Events */,
			);
			path = Push;
			sourceTree = "<group>";
		};
		552BCF952E7D83E3008A9116 /* Events */ = {
			isa = PBXGroup;
			children = (
				552BCF962E7D8413008A9116 /* PushEventTests.swift */,
			);
			path = Events;
			sourceTree = "<group>";
		};
		552BCF9A2E7D84F5008A9116 /* Network */ = {
			isa = PBXGroup;
			children = (
				552BCF9C2E7D8680008A9116 /* RequestManagerTests.swift */,
			);
			path = Network;
			sourceTree = "<group>";
		};
		552BCF9B2E7D85CB008A9116 /* Token */ = {
			isa = PBXGroup;
			children = (
				55EE32C32EB0F92E003B84C9 /* TokenManager */,
				552BCF9E2E7D87DF008A9116 /* TokenUpdateTests.swift */,
				552BCFA22E7D8E24008A9116 /* PublicPushTokenFunctionsTests.swift */,
			);
			path = Token;
			sourceTree = "<group>";
		};
		552BCFA42E7D8E6E008A9116 /* Subscribe */ = {
			isa = PBXGroup;
			children = (
				552BCFA52E7D90A7008A9116 /* PushSubscribeTests.swift */,
				552BCFA72E7D9154008A9116 /* PublicPushSubscriptionTests.swift */,
				552BCFA92E7D92DC008A9116 /* SubscribeCommandQueueTests.swift */,
			);
			path = Subscribe;
			sourceTree = "<group>";
		};
		552BCFB52E7DA9DE008A9116 /* Retry */ = {
			isa = PBXGroup;
			children = (
				552BCFB62E7DA9F7008A9116 /* RetryTests.swift */,
				552BCFB82E7DAA99008A9116 /* RetryManagerTests.swift */,
			);
			path = Retry;
			sourceTree = "<group>";
		};
		552BCFBA2E7DADC4008A9116 /* System */ = {
			isa = PBXGroup;
			children = (
				552BCFBB2E7DADD3008A9116 /* ClearCacheTests.swift */,
				552BCFBE2E7DAE43008A9116 /* InitTests.swift */,
			);
			path = System;
			sourceTree = "<group>";
		};
		552BCFBD2E7DAE25008A9116 /* Background */ = {
			isa = PBXGroup;
			children = (
				552BCFC02E7DAF49008A9116 /* AccessToBackgroundTests.swift */,
				552BCFC22E7DB253008A9116 /* BackgroundTaskTests.swift */,
			);
			path = Background;
			sourceTree = "<group>";
		};
		55302B962E930BF2003A1A4C /* MOB_events */ = {
			isa = PBXGroup;
			children = (
				55302B972E93AF4B003A1A4C /* MobileEvent.swift */,
				55302B992E93B800003A1A4C /* MobileEventQueue.swift */,
				55302B9D2E93EFCA003A1A4C /* PartsFactory.swift */,
				55302BB42E9554CF003A1A4C /* MultipartBody.swift */,
				55302BB62E968C42003A1A4C /* PublicMobileEventFunctions.swift */,
			);
			path = MOB_events;
			sourceTree = "<group>";
		};
		556FC7372E30D2B5000584AA /* Retry */ = {
			isa = PBXGroup;
			children = (
				559B61D62C90461F0081192F /* Retry.swift */,
				550956072E7951ED000BFBA8 /* RetryManager.swift */,
			);
			path = Retry;
			sourceTree = "<group>";
		};
		559878A52EB36654008C6A35 /* DataBase */ = {
			isa = PBXGroup;
			children = (
				559878A72EB367EB008C6A35 /* PushEventEntity+CoreDataClass.swift */,
				559878A82EB367EB008C6A35 /* PushEventEntity+CoreDataProperties.swift */,
				559878A92EB367EB008C6A35 /* SubscribeEntity+CoreDataClass.swift */,
				559878AA2EB367EB008C6A35 /* SubscribeEntity+CoreDataProperties.swift */,
				559878AB2EB367EB008C6A35 /* ConfigurationEntity+CoreDataClass.swift */,
				559878AC2EB367EB008C6A35 /* ConfigurationEntity+CoreDataProperties.swift */,
				559878AD2EB367EB008C6A35 /* MobileEventEntity+CoreDataClass.swift */,
				559878AE2EB367EB008C6A35 /* MobileEventEntity+CoreDataProperties.swift */,
			);
			path = DataBase;
			sourceTree = "<group>";
		};
		559878A62EB36654008C6A35 /* CoreDataGenerated */ = {
			isa = PBXGroup;
			children = (
				559878A52EB36654008C6A35 /* DataBase */,
			);
			path = CoreDataGenerated;
			sourceTree = "<group>";
		};
		559B61A62C903EF90081192F = {
			isa = PBXGroup;
			children = (
				559B61B22C903EF90081192F /* Altcraft */,
				550956122E7AB318000BFBA8 /* AltcraftTests */,
				559B61B12C903EF90081192F /* Products */,
			);
			sourceTree = "<group>";
		};
		559B61B12C903EF90081192F /* Products */ = {
			isa = PBXGroup;
			children = (
				559B61B02C903EF90081192F /* Altcraft.framework */,
				5509561F2E7AB38B000BFBA8 /* AltcraftTests.xctest */,
			);
			name = Products;
			sourceTree = "<group>";
		};
		559B61B22C903EF90081192F /* Altcraft */ = {
			isa = PBXGroup;
			children = (
				559B61B42C903EF90081192F /* Altcraft.docc */,
				559B61B32C903EF90081192F /* Altcraft.h */,
				559B61E52C90461F0081192F /* AltcraftSDK.swift */,
				55302B962E930BF2003A1A4C /* MOB_events */,
				559B61E42C90461F0081192F /* Additional */,
				5516B3312D7AF81E001FAF66 /* Auth */,
				559B61CE2C90461F0081192F /* Background */,
				559B61CB2C90461F0081192F /* Configuration */,
				559B61EB2C90461F0081192F /* Data */,
				559B61E02C90461F0081192F /* DataBase */,
				5516B3342D7AFB70001FAF66 /* Device */,
				559B61E22C90461F0081192F /* SDK_events */,
				559B61D22C90461F0081192F /* Factory */,
				559F2D5E2E2532C400C5B7EE /* Interfaces */,
				55E406602D9EE5B800F375EC /* Network */,
				559B61F02C90461F0081192F /* Push */,
				556FC7372E30D2B5000584AA /* Retry */,
				559B61D92C90461F0081192F /* System */,
			);
			path = Altcraft;
			sourceTree = "<group>";
		};
		559B61CB2C90461F0081192F /* Configuration */ = {
			isa = PBXGroup;
			children = (
				559B61CA2C90461F0081192F /* AltcraftConfiguration.swift */,
			);
			path = Configuration;
			sourceTree = "<group>";
		};
		559B61CE2C90461F0081192F /* Background */ = {
			isa = PBXGroup;
			children = (
				559B61CC2C90461F0081192F /* AccessToBackground.swift */,
				559B61CD2C90461F0081192F /* BackgroundTasks.swift */,
			);
			path = Background;
			sourceTree = "<group>";
		};
		559B61D22C90461F0081192F /* Factory */ = {
			isa = PBXGroup;
			children = (
				559B61D12C90461F0081192F /* RequestFactory.swift */,
				5516B3572D9C1B3F001FAF66 /* JsonFactory.swift */,
			);
			path = Factory;
			sourceTree = "<group>";
		};
		559B61D92C90461F0081192F /* System */ = {
			isa = PBXGroup;
			children = (
				559B61D32C90461F0081192F /* ClearCache.swift */,
				556FC7382E30D2D2000584AA /* Init.swift */,
			);
			path = System;
			sourceTree = "<group>";
		};
		559B61E02C90461F0081192F /* DataBase */ = {
			isa = PBXGroup;
			children = (
				559878A62EB36654008C6A35 /* CoreDataGenerated */,
				559B61E62C90461F0081192F /* DataBase.xcdatamodeld */,
				559B61CF2C90461F0081192F /* CoreDataManager.swift */,
				559B61DA2C90461F0081192F /* ClearingDb.swift */,
				559B61DB2C90461F0081192F /* ConfigDbQueries.swift */,
				5509FA9B2D5114F700B1DE03 /* SubscribeDbQueries.swift */,
				5516B3532D9C0517001FAF66 /* PushEventDbQueries.swift */,
				55302B9B2E93CD6F003A1A4C /* MobileEventDbQueries.swift */,
				55EE32BF2EAFC24C003B84C9 /* CommonsDbQueries.swift */,
				559878ED2EB4B1B4008C6A35 /* CoreDataMigrator.swift */,
			);
			path = DataBase;
			sourceTree = "<group>";
		};
		559B61E22C90461F0081192F /* SDK_events */ = {
			isa = PBXGroup;
			children = (
				559B61E12C90461F0081192F /* Events.swift */,
				5509FAA32D6CC8DC00B1DE03 /* EventList.swift */,
			);
			path = SDK_events;
			sourceTree = "<group>";
		};
		559B61E42C90461F0081192F /* Additional */ = {
			isa = PBXGroup;
			children = (
				55527FB02D314BCE00919755 /* StringBuilder.swift */,
				5516B3492D942811001FAF66 /* Extension.swift */,
				5516B34B2D958762001FAF66 /* MapBuilder.swift */,
				55D3CCB72DB7B0E600A4F2D7 /* ActionFieldBuilder.swift */,
				55D3CCCA2DD201DA00A4F2D7 /* PairBuilder.swift */,
				55EA85CE2E66E6C3001CC5A5 /* ForegroundCheck.swift */,
				552BCFAB2E7D9E41008A9116 /* ImageFormat.swift */,
			);
			path = Additional;
			sourceTree = "<group>";
		};
		559B61EB2C90461F0081192F /* Data */ = {
			isa = PBXGroup;
			children = (
				559B61D72C90461F0081192F /* StoredVariablesManager.swift */,
				559B61E82C90461F0081192F /* Constants.swift */,
				559B61EA2C90461F0081192F /* Structures.swift */,
				5516B3472D93F3D1001FAF66 /* Converter.swift */,
				5516B3512D96AF65001FAF66 /* Repository.swift */,
				55302C912EA11A1A003A1A4C /* AltcraftObjCTypes.swift */,
			);
			path = Data;
			sourceTree = "<group>";
		};
		559B61F02C90461F0081192F /* Push */ = {
			isa = PBXGroup;
			children = (
				55EA85EB2E6F3A9F001CC5A5 /* Events */,
				55D3CCC72DD1ECCE00A4F2D7 /* Token */,
				55D3CCB12DB78B9300A4F2D7 /* Subscribe */,
				559B61EC2C90461F0081192F /* AltcraftPushReceiver.swift */,
				559B61ED2C90461F0081192F /* NotificationManager.swift */,
				559B61EE2C90461F0081192F /* PushAction.swift */,
				556FC73A2E30EE99000584AA /* Core.swift */,
			);
			path = Push;
			sourceTree = "<group>";
		};
		559F2D5E2E2532C400C5B7EE /* Interfaces */ = {
			isa = PBXGroup;
			children = (
				559F2D582E252BF000C5B7EE /* APNSInterface.swift */,
				559F2D5A2E252C0D00C5B7EE /* FCMInterface.swift */,
				559F2D5C2E252C2600C5B7EE /* HMSInterface.swift */,
				559F2D5F2E2532FE00C5B7EE /* JWTInterface.swift */,
				55302BC12E9E3CCC003A1A4C /* Subscription.swift */,
			);
			path = Interfaces;
			sourceTree = "<group>";
		};
		55A672CA2EAA515900BFDBAD /* MOB_events */ = {
			isa = PBXGroup;
			children = (
				55A672CB2EAA65C900BFDBAD /* MobileEventTests.swift */,
				55A672CD2EAA68DB00BFDBAD /* MobileEventCommandQueueTests.swift */,
				55A672D32EAA79F500BFDBAD /* PartsFactoryTests.swift */,
				55A672D52EAA7A8A00BFDBAD /* MultipartBodyTests.swift */,
			);
			path = MOB_events;
			sourceTree = "<group>";
		};
		55B314882E7AC4BD00A3F9E4 /* Unit */ = {
			isa = PBXGroup;
			children = (
				55A672CA2EAA515900BFDBAD /* MOB_events */,
				552BCFBD2E7DAE25008A9116 /* Background */,
				552BCFBA2E7DADC4008A9116 /* System */,
				552BCFB52E7DA9DE008A9116 /* Retry */,
				552BCF9A2E7D84F5008A9116 /* Network */,
				552BCF942E7D83D8008A9116 /* Push */,
				552BCF8F2E7D7A7E008A9116 /* Factory */,
				552BCF8B2E7D7A2B008A9116 /* SDK_Events */,
				552BCF882E7D752A008A9116 /* Device */,
				55B314B42E7D467300A3F9E4 /* DataBase */,
				55B314AD2E7C634D00A3F9E4 /* Data */,
				55B314A82E7C5DFE00A3F9E4 /* Configuration */,
				55B314A32E7C571F00A3F9E4 /* Auth */,
				55B314972E7ACD0300A3F9E4 /* Additional */,
			);
			path = Unit;
			sourceTree = "<group>";
		};
		55B3148A2E7AC4DE00A3F9E4 /* Mocks */ = {
			isa = PBXGroup;
			children = (
				55B314932E7AC88100A3F9E4 /* MockURLSession.swift */,
			);
			path = Mocks;
			sourceTree = "<group>";
		};
		55B3148D2E7AC75D00A3F9E4 /* Helpers */ = {
			isa = PBXGroup;
			children = (
				55B3148F2E7AC77F00A3F9E4 /* TestCoreDataStack.swift */,
				55B314912E7AC85000A3F9E4 /* UserDefaultsSandbox.swift */,
				55A672C32EAA4F9600BFDBAD /* IsolatedTestCase.swift */,
				55A672CF2EAA71D000BFDBAD /* UserDefaultsIsolation.swift */,
				55A672D12EAA722D00BFDBAD /* CoreDataIsolation.swift */,
			);
			path = Helpers;
			sourceTree = "<group>";
		};
		55B314972E7ACD0300A3F9E4 /* Additional */ = {
			isa = PBXGroup;
			children = (
				55B314982E7ACF8B00A3F9E4 /* StringBuilderTests.swift */,
				55B3149A2E7AD39E00A3F9E4 /* ExtensionTests.swift */,
				55B3149C2E7C542900A3F9E4 /* MapBuilderTests.swift */,
				55B3149E2E7C564400A3F9E4 /* ActionFieldBuilderTests.swift */,
				55B314A02E7C56DA00A3F9E4 /* PairBuilderTests.swift */,
				55A672D72EAAD07400BFDBAD /* ImageFormatTests.swift */,
			);
			path = Additional;
			sourceTree = "<group>";
		};
		55B314A32E7C571F00A3F9E4 /* Auth */ = {
			isa = PBXGroup;
			children = (
				55B314A42E7C588100A3F9E4 /* AuthManagerTests.swift */,
			);
			path = Auth;
			sourceTree = "<group>";
		};
		55B314A82E7C5DFE00A3F9E4 /* Configuration */ = {
			isa = PBXGroup;
			children = (
				55B314A92E7C5F1D00A3F9E4 /* AltcraftConfigurationTests.swift */,
			);
			path = Configuration;
			sourceTree = "<group>";
		};
		55B314AD2E7C634D00A3F9E4 /* Data */ = {
			isa = PBXGroup;
			children = (
				55B314AE2E7C635A00A3F9E4 /* StoredVariablesManagerTests.swift */,
				55B314B02E7C669200A3F9E4 /* ConverterTests.swift */,
				55B314B22E7D444B00A3F9E4 /* RepositoryTests.swift */,
				55A672D92EABADA200BFDBAD /* AltcraftObjCTypesTests.swift */,
			);
			path = Data;
			sourceTree = "<group>";
		};
		55B314B42E7D467300A3F9E4 /* DataBase */ = {
			isa = PBXGroup;
			children = (
				55B314B52E7D469C00A3F9E4 /* CoreDataManagerTests.swift */,
				55B314B72E7D484400A3F9E4 /* ClearingDbTests.swift */,
				552BCF822E7D61B5008A9116 /* ConfigDbQueriesTests.swift */,
				552BCF842E7D65EB008A9116 /* SubscribeDbQueriesTests.swift */,
				552BCF862E7D6DDF008A9116 /* PushEventDbQueriesTests.swift */,
				55EE32BD2EAF5D8E003B84C9 /* MobileEventDbQueriesTests.swift */,
				55EE32C12EB0BFED003B84C9 /* CommonsDbQueriesTests.swift */,
				55654E762EB55922000BF004 /* CoreDataMigrationTests.swift */,
			);
			path = DataBase;
			sourceTree = "<group>";
		};
		55D3CCB12DB78B9300A4F2D7 /* Subscribe */ = {
			isa = PBXGroup;
			children = (
				559B61D52C90461F0081192F /* PushSubscribe.swift */,
				55D3CCB52DB78BE700A4F2D7 /* PublicPushSubscriptionFunctions.swift */,
				553B085C2E5DD49C004526D6 /* SubscribeQueue.swift */,
			);
			path = Subscribe;
			sourceTree = "<group>";
		};
		55D3CCC72DD1ECCE00A4F2D7 /* Token */ = {
			isa = PBXGroup;
			children = (
				559B61D82C90461F0081192F /* TokenUpdate.swift */,
				559F2D4C2E251CB000C5B7EE /* TokenManager.swift */,
				559F2D612E2533C800C5B7EE /* PublicPushTokenFunctions.swift */,
			);
			path = Token;
			sourceTree = "<group>";
		};
		55E406602D9EE5B800F375EC /* Network */ = {
			isa = PBXGroup;
			children = (
				557556D22CE2566900F6B50C /* NetworkMonitor.swift */,
				5579FD5E2D9D6F110000131C /* RequestManager.swift */,
			);
			path = Network;
			sourceTree = "<group>";
		};
		55EA85EB2E6F3A9F001CC5A5 /* Events */ = {
			isa = PBXGroup;
			children = (
				55EA85EC2E6F3AB4001CC5A5 /* PublicPushEventFunctions.swift */,
				55EA85EF2E6F3ADC001CC5A5 /* PushEvent.swift */,
			);
			path = Events;
			sourceTree = "<group>";
		};
		55EE32C32EB0F92E003B84C9 /* TokenManager */ = {
			isa = PBXGroup;
			children = (
				552BCFA02E7D886F008A9116 /* TokenManagerTests.swift */,
				55EE32C42EB0F95F003B84C9 /* TokenManagerIsolated.swift */,
				55EE32C62EB0F98C003B84C9 /* MockProviders.swift */,
			);
			path = TokenManager;
			sourceTree = "<group>";
		};
/* End PBXGroup section */

/* Begin PBXHeadersBuildPhase section */
		559B61AB2C903EF90081192F /* Headers */ = {
			isa = PBXHeadersBuildPhase;
			buildActionMask = 2147483647;
			files = (
				559B61C12C903EF90081192F /* Altcraft.h in Headers */,
			);
			runOnlyForDeploymentPostprocessing = 0;
		};
/* End PBXHeadersBuildPhase section */

/* Begin PBXNativeTarget section */
		5509561E2E7AB38B000BFBA8 /* AltcraftTests */ = {
			isa = PBXNativeTarget;
			buildConfigurationList = 550956262E7AB38B000BFBA8 /* Build configuration list for PBXNativeTarget "AltcraftTests" */;
			buildPhases = (
				5509561B2E7AB38B000BFBA8 /* Sources */,
				5509561C2E7AB38B000BFBA8 /* Frameworks */,
				5509561D2E7AB38B000BFBA8 /* Resources */,
			);
			buildRules = (
			);
			dependencies = (
				550956252E7AB38B000BFBA8 /* PBXTargetDependency */,
			);
			name = AltcraftTests;
			productName = AltcraftTests;
			productReference = 5509561F2E7AB38B000BFBA8 /* AltcraftTests.xctest */;
			productType = "com.apple.product-type.bundle.unit-test";
		};
		559B61AF2C903EF90081192F /* Altcraft */ = {
			isa = PBXNativeTarget;
			buildConfigurationList = 559B61C42C903EF90081192F /* Build configuration list for PBXNativeTarget "Altcraft" */;
			buildPhases = (
				559B61AB2C903EF90081192F /* Headers */,
				559B61AC2C903EF90081192F /* Sources */,
				559B61AD2C903EF90081192F /* Frameworks */,
				559B61AE2C903EF90081192F /* Resources */,
			);
			buildRules = (
			);
			dependencies = (
			);
			name = Altcraft;
			productName = Altcraft;
			productReference = 559B61B02C903EF90081192F /* Altcraft.framework */;
			productType = "com.apple.product-type.framework";
		};
/* End PBXNativeTarget section */

/* Begin PBXProject section */
		559B61A72C903EF90081192F /* Project object */ = {
			isa = PBXProject;
			attributes = {
				BuildIndependentTargetsInParallel = 1;
				LastSwiftUpdateCheck = 1530;
				LastUpgradeCheck = 1530;
				TargetAttributes = {
					5509561E2E7AB38B000BFBA8 = {
						CreatedOnToolsVersion = 15.3;
						LastSwiftMigration = 1530;
					};
					559B61AF2C903EF90081192F = {
						CreatedOnToolsVersion = 15.3;
					};
				};
			};
			buildConfigurationList = 559B61AA2C903EF90081192F /* Build configuration list for PBXProject "Altcraft" */;
			compatibilityVersion = "Xcode 14.0";
			developmentRegion = en;
			hasScannedForEncodings = 0;
			knownRegions = (
				en,
				Base,
			);
			mainGroup = 559B61A62C903EF90081192F;
			productRefGroup = 559B61B12C903EF90081192F /* Products */;
			projectDirPath = "";
			projectRoot = "";
			targets = (
				559B61AF2C903EF90081192F /* Altcraft */,
				5509561E2E7AB38B000BFBA8 /* AltcraftTests */,
			);
		};
/* End PBXProject section */

/* Begin PBXResourcesBuildPhase section */
		5509561D2E7AB38B000BFBA8 /* Resources */ = {
			isa = PBXResourcesBuildPhase;
			buildActionMask = 2147483647;
			files = (
			);
			runOnlyForDeploymentPostprocessing = 0;
		};
		559B61AE2C903EF90081192F /* Resources */ = {
			isa = PBXResourcesBuildPhase;
			buildActionMask = 2147483647;
			files = (
			);
			runOnlyForDeploymentPostprocessing = 0;
		};
/* End PBXResourcesBuildPhase section */

/* Begin PBXSourcesBuildPhase section */
		5509561B2E7AB38B000BFBA8 /* Sources */ = {
			isa = PBXSourcesBuildPhase;
			buildActionMask = 2147483647;
			files = (
				55B314B62E7D469C00A3F9E4 /* CoreDataManagerTests.swift in Sources */,
				552BCFA32E7D8E24008A9116 /* PublicPushTokenFunctionsTests.swift in Sources */,
				55EE32C72EB0F98C003B84C9 /* MockProviders.swift in Sources */,
				552BCFB72E7DA9F7008A9116 /* RetryTests.swift in Sources */,
				552BCF9F2E7D87DF008A9116 /* TokenUpdateTests.swift in Sources */,
				55A672DA2EABADA200BFDBAD /* AltcraftObjCTypesTests.swift in Sources */,
				552BCFB92E7DAA99008A9116 /* RetryManagerTests.swift in Sources */,
				552BCF852E7D65EB008A9116 /* SubscribeDbQueriesTests.swift in Sources */,
				55A672C42EAA4F9600BFDBAD /* IsolatedTestCase.swift in Sources */,
				55B3149F2E7C564400A3F9E4 /* ActionFieldBuilderTests.swift in Sources */,
				55A672D02EAA71D000BFDBAD /* UserDefaultsIsolation.swift in Sources */,
				55654E772EB55922000BF004 /* CoreDataMigrationTests.swift in Sources */,
				552BCF8E2E7D7A4D008A9116 /* SDKEventsTests.swift in Sources */,
				55B314A52E7C588100A3F9E4 /* AuthManagerTests.swift in Sources */,
				55B3149D2E7C542900A3F9E4 /* MapBuilderTests.swift in Sources */,
				55B3149B2E7AD39E00A3F9E4 /* ExtensionTests.swift in Sources */,
				55EE32C52EB0F95F003B84C9 /* TokenManagerIsolated.swift in Sources */,
				55A672CE2EAA68DB00BFDBAD /* MobileEventCommandQueueTests.swift in Sources */,
				55B314AF2E7C635A00A3F9E4 /* StoredVariablesManagerTests.swift in Sources */,
				55A672CC2EAA65C900BFDBAD /* MobileEventTests.swift in Sources */,
				552BCFBF2E7DAE43008A9116 /* InitTests.swift in Sources */,
				55B314A12E7C56DA00A3F9E4 /* PairBuilderTests.swift in Sources */,
				55B314942E7AC88100A3F9E4 /* MockURLSession.swift in Sources */,
				55B314B32E7D444B00A3F9E4 /* RepositoryTests.swift in Sources */,
				552BCFA12E7D886F008A9116 /* TokenManagerTests.swift in Sources */,
				552BCF832E7D61B5008A9116 /* ConfigDbQueriesTests.swift in Sources */,
				552BCFC12E7DAF49008A9116 /* AccessToBackgroundTests.swift in Sources */,
				552BCF972E7D8413008A9116 /* PushEventTests.swift in Sources */,
				552BCFC32E7DB253008A9116 /* BackgroundTaskTests.swift in Sources */,
				552BCFBC2E7DADD3008A9116 /* ClearCacheTests.swift in Sources */,
				55EE32C22EB0BFED003B84C9 /* CommonsDbQueriesTests.swift in Sources */,
				552BCFAE2E7DA0E4008A9116 /* AltcraftPushReceiverTests.swift in Sources */,
				55B314902E7AC77F00A3F9E4 /* TestCoreDataStack.swift in Sources */,
				552BCF9D2E7D8680008A9116 /* RequestManagerTests.swift in Sources */,
				552BCFB02E7DA289008A9116 /* NotificationManagerTests.swift in Sources */,
				552BCFA82E7D9154008A9116 /* PublicPushSubscriptionTests.swift in Sources */,
				552BCF872E7D6DDF008A9116 /* PushEventDbQueriesTests.swift in Sources */,
				55B314B82E7D484400A3F9E4 /* ClearingDbTests.swift in Sources */,
				552BCFAA2E7D92DC008A9116 /* SubscribeCommandQueueTests.swift in Sources */,
				55B314AA2E7C5F1D00A3F9E4 /* AltcraftConfigurationTests.swift in Sources */,
				552BCFB22E7DA32C008A9116 /* PushActionTests.swift in Sources */,
				55B314922E7AC85000A3F9E4 /* UserDefaultsSandbox.swift in Sources */,
				55A672D42EAA79F500BFDBAD /* PartsFactoryTests.swift in Sources */,
				55B314B12E7C669200A3F9E4 /* ConverterTests.swift in Sources */,
				55B314992E7ACF8B00A3F9E4 /* StringBuilderTests.swift in Sources */,
				55A672D22EAA722D00BFDBAD /* CoreDataIsolation.swift in Sources */,
				55A672D82EAAD07400BFDBAD /* ImageFormatTests.swift in Sources */,
				552BCFA62E7D90A7008A9116 /* PushSubscribeTests.swift in Sources */,
				55EE32BE2EAF5D8F003B84C9 /* MobileEventDbQueriesTests.swift in Sources */,
				55A672D62EAA7A8A00BFDBAD /* MultipartBodyTests.swift in Sources */,
				552BCF912E7D7AE9008A9116 /* RequestFactoryTests.swift in Sources */,
				552BCF8A2E7D753F008A9116 /* DeviceInfoTests.swift in Sources */,
				552BCF932E7D7C19008A9116 /* JsonFactoryTests.swift in Sources */,
			);
			runOnlyForDeploymentPostprocessing = 0;
		};
		559B61AC2C903EF90081192F /* Sources */ = {
			isa = PBXSourcesBuildPhase;
			buildActionMask = 2147483647;
			files = (
				5516B3482D93F3D1001FAF66 /* Converter.swift in Sources */,
				559B61FD2C90461F0081192F /* ClearingDb.swift in Sources */,
				5516B3382D7B139E001FAF66 /* AuthManager.swift in Sources */,
				55302B9E2E93EFCA003A1A4C /* PartsFactory.swift in Sources */,
				55302B9C2E93CD6F003A1A4C /* MobileEventDbQueries.swift in Sources */,
				559B61FC2C90461F0081192F /* TokenUpdate.swift in Sources */,
				553B085D2E5DD49C004526D6 /* SubscribeQueue.swift in Sources */,
				5516B3522D96AF65001FAF66 /* Repository.swift in Sources */,
				559B61F92C90461F0081192F /* PushSubscribe.swift in Sources */,
				559F2D602E2532FE00C5B7EE /* JWTInterface.swift in Sources */,
				55302B9A2E93B800003A1A4C /* MobileEventQueue.swift in Sources */,
				55EA85F02E6F3ADC001CC5A5 /* PushEvent.swift in Sources */,
				559B62032C90461F0081192F /* Events.swift in Sources */,
				556FC7392E30D2D2000584AA /* Init.swift in Sources */,
				552BCFAC2E7D9E41008A9116 /* ImageFormat.swift in Sources */,
				55302C922EA11A1A003A1A4C /* AltcraftObjCTypes.swift in Sources */,
				5516B34A2D942811001FAF66 /* Extension.swift in Sources */,
				559F2D622E2533C800C5B7EE /* PublicPushTokenFunctions.swift in Sources */,
				55302BB52E9554CF003A1A4C /* MultipartBody.swift in Sources */,
				559B62052C90461F0081192F /* AltcraftSDK.swift in Sources */,
				557556D32CE2566900F6B50C /* NetworkMonitor.swift in Sources */,
				55D3CCB62DB78BE700A4F2D7 /* PublicPushSubscriptionFunctions.swift in Sources */,
				559B61B52C903EF90081192F /* Altcraft.docc in Sources */,
				559B61F32C90461F0081192F /* BackgroundTasks.swift in Sources */,
				559F2D4D2E251CB000C5B7EE /* TokenManager.swift in Sources */,
				559F2D5B2E252C0D00C5B7EE /* FCMInterface.swift in Sources */,
				55302B982E93AF4B003A1A4C /* MobileEvent.swift in Sources */,
				55D3CCCB2DD201DA00A4F2D7 /* PairBuilder.swift in Sources */,
				559B620C2C90461F0081192F /* PushAction.swift in Sources */,
				5516B3582D9C1B3F001FAF66 /* JsonFactory.swift in Sources */,
				559B61FB2C90461F0081192F /* StoredVariablesManager.swift in Sources */,
				55D3CCB82DB7B0E600A4F2D7 /* ActionFieldBuilder.swift in Sources */,
				5579FD5F2D9D6F110000131C /* RequestManager.swift in Sources */,
				559B61FA2C90461F0081192F /* Retry.swift in Sources */,
				5516B3362D7AFB96001FAF66 /* DeviceInfo.swift in Sources */,
				55302BB72E968C42003A1A4C /* PublicMobileEventFunctions.swift in Sources */,
				55EE32C02EAFC24C003B84C9 /* CommonsDbQueries.swift in Sources */,
				559F2D592E252BF000C5B7EE /* APNSInterface.swift in Sources */,
				5516B3542D9C0517001FAF66 /* PushEventDbQueries.swift in Sources */,
				559B62092C90461F0081192F /* Structures.swift in Sources */,
				556FC73B2E30EE99000584AA /* Core.swift in Sources */,
				550956082E7951ED000BFBA8 /* RetryManager.swift in Sources */,
				559B61F62C90461F0081192F /* RequestFactory.swift in Sources */,
				559B61F12C90461F0081192F /* AltcraftConfiguration.swift in Sources */,
				559B620B2C90461F0081192F /* NotificationManager.swift in Sources */,
				55EA85ED2E6F3AB4001CC5A5 /* PublicPushEventFunctions.swift in Sources */,
				559F2D5D2E252C2600C5B7EE /* HMSInterface.swift in Sources */,
				559B620A2C90461F0081192F /* AltcraftPushReceiver.swift in Sources */,
				55EA85CF2E66E6C3001CC5A5 /* ForegroundCheck.swift in Sources */,
				559B62062C90461F0081192F /* DataBase.xcdatamodeld in Sources */,
				559878AF2EB367EB008C6A35 /* PushEventEntity+CoreDataClass.swift in Sources */,
				559878B02EB367EB008C6A35 /* PushEventEntity+CoreDataProperties.swift in Sources */,
				559878B12EB367EB008C6A35 /* SubscribeEntity+CoreDataClass.swift in Sources */,
				559878B22EB367EB008C6A35 /* SubscribeEntity+CoreDataProperties.swift in Sources */,
				559878B32EB367EB008C6A35 /* ConfigurationEntity+CoreDataClass.swift in Sources */,
				559878B42EB367EB008C6A35 /* ConfigurationEntity+CoreDataProperties.swift in Sources */,
				559878B52EB367EB008C6A35 /* MobileEventEntity+CoreDataClass.swift in Sources */,
				559878EE2EB4B1B4008C6A35 /* CoreDataMigrator.swift in Sources */,
				559878B62EB367EB008C6A35 /* MobileEventEntity+CoreDataProperties.swift in Sources */,
				559B61F42C90461F0081192F /* CoreDataManager.swift in Sources */,
				559B61FE2C90461F0081192F /* ConfigDbQueries.swift in Sources */,
				5509FAA42D6CC8DC00B1DE03 /* EventList.swift in Sources */,
				5509FA9C2D5114F700B1DE03 /* SubscribeDbQueries.swift in Sources */,
				5516B34C2D958762001FAF66 /* MapBuilder.swift in Sources */,
				55302BC22E9E3CCC003A1A4C /* Subscription.swift in Sources */,
				55527FB12D314BCE00919755 /* StringBuilder.swift in Sources */,
				5516B3332D7AF881001FAF66 /* JWTManager.swift in Sources */,
				559B61F72C90461F0081192F /* ClearCache.swift in Sources */,
				559B61F22C90461F0081192F /* AccessToBackground.swift in Sources */,
				559B62072C90461F0081192F /* Constants.swift in Sources */,
			);
			runOnlyForDeploymentPostprocessing = 0;
		};
/* End PBXSourcesBuildPhase section */

/* Begin PBXTargetDependency section */
		550956252E7AB38B000BFBA8 /* PBXTargetDependency */ = {
			isa = PBXTargetDependency;
			target = 559B61AF2C903EF90081192F /* Altcraft */;
			targetProxy = 550956242E7AB38B000BFBA8 /* PBXContainerItemProxy */;
		};
/* End PBXTargetDependency section */

/* Begin XCBuildConfiguration section */
		550956272E7AB38B000BFBA8 /* Debug */ = {
			isa = XCBuildConfiguration;
			buildSettings = {
				CLANG_ENABLE_MODULES = YES;
				CODE_SIGN_STYLE = Automatic;
				CURRENT_PROJECT_VERSION = 1;
				DEVELOPMENT_TEAM = 6G7526ELLP;
				GENERATE_INFOPLIST_FILE = YES;
				IPHONEOS_DEPLOYMENT_TARGET = 13.0;
				MARKETING_VERSION = 1.0;
				PRODUCT_BUNDLE_IDENTIFIER = altcraft.AltcraftTests;
				PRODUCT_NAME = "$(TARGET_NAME)";
				SDKROOT = iphoneos;
				SUPPORTED_PLATFORMS = "iphoneos iphonesimulator";
				SUPPORTS_MACCATALYST = NO;
				SUPPORTS_MAC_DESIGNED_FOR_IPHONE_IPAD = NO;
				SUPPORTS_XR_DESIGNED_FOR_IPHONE_IPAD = NO;
				SWIFT_EMIT_LOC_STRINGS = NO;
				SWIFT_OPTIMIZATION_LEVEL = "-Onone";
				SWIFT_VERSION = 5.0;
				TARGETED_DEVICE_FAMILY = "1,2";
			};
			name = Debug;
		};
		550956282E7AB38B000BFBA8 /* Release */ = {
			isa = XCBuildConfiguration;
			buildSettings = {
				CLANG_ENABLE_MODULES = YES;
				CODE_SIGN_STYLE = Automatic;
				CURRENT_PROJECT_VERSION = 1;
				DEVELOPMENT_TEAM = 6G7526ELLP;
				GENERATE_INFOPLIST_FILE = YES;
				IPHONEOS_DEPLOYMENT_TARGET = 13.0;
				MARKETING_VERSION = 1.0;
				PRODUCT_BUNDLE_IDENTIFIER = altcraft.AltcraftTests;
				PRODUCT_NAME = "$(TARGET_NAME)";
				SDKROOT = iphoneos;
				SUPPORTED_PLATFORMS = "iphoneos iphonesimulator";
				SUPPORTS_MACCATALYST = NO;
				SUPPORTS_MAC_DESIGNED_FOR_IPHONE_IPAD = NO;
				SUPPORTS_XR_DESIGNED_FOR_IPHONE_IPAD = NO;
				SWIFT_EMIT_LOC_STRINGS = NO;
				SWIFT_VERSION = 5.0;
				TARGETED_DEVICE_FAMILY = "1,2";
				VALIDATE_PRODUCT = YES;
			};
			name = Release;
		};
		559B61C22C903EF90081192F /* Debug */ = {
			isa = XCBuildConfiguration;
			buildSettings = {
				ALWAYS_SEARCH_USER_PATHS = NO;
				ASSETCATALOG_COMPILER_GENERATE_SWIFT_ASSET_SYMBOL_EXTENSIONS = YES;
				CLANG_ANALYZER_NONNULL = YES;
				CLANG_ANALYZER_NUMBER_OBJECT_CONVERSION = YES_AGGRESSIVE;
				CLANG_CXX_LANGUAGE_STANDARD = "gnu++20";
				CLANG_ENABLE_MODULES = YES;
				CLANG_ENABLE_OBJC_ARC = YES;
				CLANG_ENABLE_OBJC_WEAK = YES;
				CLANG_WARN_BLOCK_CAPTURE_AUTORELEASING = YES;
				CLANG_WARN_BOOL_CONVERSION = YES;
				CLANG_WARN_COMMA = YES;
				CLANG_WARN_CONSTANT_CONVERSION = YES;
				CLANG_WARN_DEPRECATED_OBJC_IMPLEMENTATIONS = YES;
				CLANG_WARN_DIRECT_OBJC_ISA_USAGE = YES_ERROR;
				CLANG_WARN_DOCUMENTATION_COMMENTS = YES;
				CLANG_WARN_EMPTY_BODY = YES;
				CLANG_WARN_ENUM_CONVERSION = YES;
				CLANG_WARN_INFINITE_RECURSION = YES;
				CLANG_WARN_INT_CONVERSION = YES;
				CLANG_WARN_NON_LITERAL_NULL_CONVERSION = YES;
				CLANG_WARN_OBJC_IMPLICIT_RETAIN_SELF = YES;
				CLANG_WARN_OBJC_LITERAL_CONVERSION = YES;
				CLANG_WARN_OBJC_ROOT_CLASS = YES_ERROR;
				CLANG_WARN_QUOTED_INCLUDE_IN_FRAMEWORK_HEADER = YES;
				CLANG_WARN_RANGE_LOOP_ANALYSIS = YES;
				CLANG_WARN_STRICT_PROTOTYPES = YES;
				CLANG_WARN_SUSPICIOUS_MOVE = YES;
				CLANG_WARN_UNGUARDED_AVAILABILITY = YES_AGGRESSIVE;
				CLANG_WARN_UNREACHABLE_CODE = YES;
				CLANG_WARN__DUPLICATE_METHOD_MATCH = YES;
				COPY_PHASE_STRIP = NO;
				CURRENT_PROJECT_VERSION = 1;
				DEBUG_INFORMATION_FORMAT = dwarf;
				ENABLE_STRICT_OBJC_MSGSEND = YES;
				ENABLE_TESTABILITY = YES;
				ENABLE_USER_SCRIPT_SANDBOXING = NO;
				GCC_C_LANGUAGE_STANDARD = gnu17;
				GCC_DYNAMIC_NO_PIC = NO;
				GCC_NO_COMMON_BLOCKS = YES;
				GCC_OPTIMIZATION_LEVEL = 0;
				GCC_PREPROCESSOR_DEFINITIONS = (
					"DEBUG=1",
					"$(inherited)",
				);
				GCC_WARN_64_TO_32_BIT_CONVERSION = YES;
				GCC_WARN_ABOUT_RETURN_TYPE = YES_ERROR;
				GCC_WARN_UNDECLARED_SELECTOR = YES;
				GCC_WARN_UNINITIALIZED_AUTOS = YES_AGGRESSIVE;
				GCC_WARN_UNUSED_FUNCTION = YES;
				GCC_WARN_UNUSED_VARIABLE = YES;
				LOCALIZATION_PREFERS_STRING_CATALOGS = YES;
				MTL_ENABLE_DEBUG_INFO = INCLUDE_SOURCE;
				MTL_FAST_MATH = YES;
				ONLY_ACTIVE_ARCH = YES;
				SWIFT_ACTIVE_COMPILATION_CONDITIONS = "DEBUG $(inherited)";
				SWIFT_OPTIMIZATION_LEVEL = "-Onone";
				VERSIONING_SYSTEM = "apple-generic";
				VERSION_INFO_PREFIX = "";
			};
			name = Debug;
		};
		559B61C32C903EF90081192F /* Release */ = {
			isa = XCBuildConfiguration;
			buildSettings = {
				ALWAYS_SEARCH_USER_PATHS = NO;
				ASSETCATALOG_COMPILER_GENERATE_SWIFT_ASSET_SYMBOL_EXTENSIONS = YES;
				CLANG_ANALYZER_NONNULL = YES;
				CLANG_ANALYZER_NUMBER_OBJECT_CONVERSION = YES_AGGRESSIVE;
				CLANG_CXX_LANGUAGE_STANDARD = "gnu++20";
				CLANG_ENABLE_MODULES = YES;
				CLANG_ENABLE_OBJC_ARC = YES;
				CLANG_ENABLE_OBJC_WEAK = YES;
				CLANG_WARN_BLOCK_CAPTURE_AUTORELEASING = YES;
				CLANG_WARN_BOOL_CONVERSION = YES;
				CLANG_WARN_COMMA = YES;
				CLANG_WARN_CONSTANT_CONVERSION = YES;
				CLANG_WARN_DEPRECATED_OBJC_IMPLEMENTATIONS = YES;
				CLANG_WARN_DIRECT_OBJC_ISA_USAGE = YES_ERROR;
				CLANG_WARN_DOCUMENTATION_COMMENTS = YES;
				CLANG_WARN_EMPTY_BODY = YES;
				CLANG_WARN_ENUM_CONVERSION = YES;
				CLANG_WARN_INFINITE_RECURSION = YES;
				CLANG_WARN_INT_CONVERSION = YES;
				CLANG_WARN_NON_LITERAL_NULL_CONVERSION = YES;
				CLANG_WARN_OBJC_IMPLICIT_RETAIN_SELF = YES;
				CLANG_WARN_OBJC_LITERAL_CONVERSION = YES;
				CLANG_WARN_OBJC_ROOT_CLASS = YES_ERROR;
				CLANG_WARN_QUOTED_INCLUDE_IN_FRAMEWORK_HEADER = YES;
				CLANG_WARN_RANGE_LOOP_ANALYSIS = YES;
				CLANG_WARN_STRICT_PROTOTYPES = YES;
				CLANG_WARN_SUSPICIOUS_MOVE = YES;
				CLANG_WARN_UNGUARDED_AVAILABILITY = YES_AGGRESSIVE;
				CLANG_WARN_UNREACHABLE_CODE = YES;
				CLANG_WARN__DUPLICATE_METHOD_MATCH = YES;
				COPY_PHASE_STRIP = NO;
				CURRENT_PROJECT_VERSION = 1;
				DEBUG_INFORMATION_FORMAT = "dwarf-with-dsym";
				ENABLE_NS_ASSERTIONS = NO;
				ENABLE_STRICT_OBJC_MSGSEND = YES;
				ENABLE_USER_SCRIPT_SANDBOXING = NO;
				GCC_C_LANGUAGE_STANDARD = gnu17;
				GCC_NO_COMMON_BLOCKS = YES;
				GCC_WARN_64_TO_32_BIT_CONVERSION = YES;
				GCC_WARN_ABOUT_RETURN_TYPE = YES_ERROR;
				GCC_WARN_UNDECLARED_SELECTOR = YES;
				GCC_WARN_UNINITIALIZED_AUTOS = YES_AGGRESSIVE;
				GCC_WARN_UNUSED_FUNCTION = YES;
				GCC_WARN_UNUSED_VARIABLE = YES;
				LOCALIZATION_PREFERS_STRING_CATALOGS = YES;
				MTL_ENABLE_DEBUG_INFO = NO;
				MTL_FAST_MATH = YES;
				SWIFT_COMPILATION_MODE = wholemodule;
				VERSIONING_SYSTEM = "apple-generic";
				VERSION_INFO_PREFIX = "";
			};
			name = Release;
		};
		559B61C52C903EF90081192F /* Debug */ = {
			isa = XCBuildConfiguration;
			buildSettings = {
				ALLOW_TARGET_PLATFORM_SPECIALIZATION = YES;
				BUILD_LIBRARY_FOR_DISTRIBUTION = YES;
				CODE_SIGN_STYLE = Automatic;
				CURRENT_PROJECT_VERSION = 1;
				DEFINES_MODULE = YES;
				DEVELOPMENT_TEAM = 6G7526ELLP;
				DYLIB_COMPATIBILITY_VERSION = 1;
				DYLIB_CURRENT_VERSION = 1;
				DYLIB_INSTALL_NAME_BASE = "@rpath";
				ENABLE_MODULE_VERIFIER = YES;
				GENERATE_INFOPLIST_FILE = YES;
				INFOPLIST_KEY_NSHumanReadableCopyright = "";
				INSTALL_PATH = "$(LOCAL_LIBRARY_DIR)/Frameworks";
				IPHONEOS_DEPLOYMENT_TARGET = 13.0;
				LD_RUNPATH_SEARCH_PATHS = (
					"@executable_path/Frameworks",
					"@loader_path/Frameworks",
				);
				"LD_RUNPATH_SEARCH_PATHS[sdk=macosx*]" = (
					"@executable_path/../Frameworks",
					"@loader_path/Frameworks",
				);
				MACOSX_DEPLOYMENT_TARGET = 14.1;
				MARKETING_VERSION = 1.0;
				MODULE_VERIFIER_SUPPORTED_LANGUAGES = "objective-c objective-c++";
				MODULE_VERIFIER_SUPPORTED_LANGUAGE_STANDARDS = "gnu17 gnu++20";
				PRODUCT_BUNDLE_IDENTIFIER = altcraft.Altcraft;
				PRODUCT_NAME = "$(TARGET_NAME:c99extidentifier)";
				SDKROOT = auto;
				SKIP_INSTALL = YES;
				SUPPORTED_PLATFORMS = "iphoneos iphonesimulator";
				SUPPORTS_MACCATALYST = NO;
				SWIFT_EMIT_LOC_STRINGS = YES;
				SWIFT_INSTALL_OBJC_HEADER = YES;
				SWIFT_VERSION = 5.0;
				TARGETED_DEVICE_FAMILY = "1,2";
			};
			name = Debug;
		};
		559B61C62C903EF90081192F /* Release */ = {
			isa = XCBuildConfiguration;
			buildSettings = {
				ALLOW_TARGET_PLATFORM_SPECIALIZATION = YES;
				BUILD_LIBRARY_FOR_DISTRIBUTION = YES;
				CODE_SIGN_STYLE = Automatic;
				CURRENT_PROJECT_VERSION = 1;
				DEFINES_MODULE = YES;
				DEVELOPMENT_TEAM = 6G7526ELLP;
				DYLIB_COMPATIBILITY_VERSION = 1;
				DYLIB_CURRENT_VERSION = 1;
				DYLIB_INSTALL_NAME_BASE = "@rpath";
				ENABLE_MODULE_VERIFIER = YES;
				GENERATE_INFOPLIST_FILE = YES;
				INFOPLIST_KEY_NSHumanReadableCopyright = "";
				INSTALL_PATH = "$(LOCAL_LIBRARY_DIR)/Frameworks";
				IPHONEOS_DEPLOYMENT_TARGET = 13.0;
				LD_RUNPATH_SEARCH_PATHS = (
					"@executable_path/Frameworks",
					"@loader_path/Frameworks",
				);
				"LD_RUNPATH_SEARCH_PATHS[sdk=macosx*]" = (
					"@executable_path/../Frameworks",
					"@loader_path/Frameworks",
				);
				MACOSX_DEPLOYMENT_TARGET = 14.1;
				MARKETING_VERSION = 1.0;
				MODULE_VERIFIER_SUPPORTED_LANGUAGES = "objective-c objective-c++";
				MODULE_VERIFIER_SUPPORTED_LANGUAGE_STANDARDS = "gnu17 gnu++20";
				PRODUCT_BUNDLE_IDENTIFIER = altcraft.Altcraft;
				PRODUCT_NAME = "$(TARGET_NAME:c99extidentifier)";
				SDKROOT = auto;
				SKIP_INSTALL = YES;
				SUPPORTED_PLATFORMS = "iphoneos iphonesimulator";
				SUPPORTS_MACCATALYST = NO;
				SWIFT_EMIT_LOC_STRINGS = YES;
				SWIFT_INSTALL_OBJC_HEADER = YES;
				SWIFT_VERSION = 5.0;
				TARGETED_DEVICE_FAMILY = "1,2";
			};
			name = Release;
		};
/* End XCBuildConfiguration section */

/* Begin XCConfigurationList section */
		550956262E7AB38B000BFBA8 /* Build configuration list for PBXNativeTarget "AltcraftTests" */ = {
			isa = XCConfigurationList;
			buildConfigurations = (
				550956272E7AB38B000BFBA8 /* Debug */,
				550956282E7AB38B000BFBA8 /* Release */,
			);
			defaultConfigurationIsVisible = 0;
			defaultConfigurationName = Release;
		};
		559B61AA2C903EF90081192F /* Build configuration list for PBXProject "Altcraft" */ = {
			isa = XCConfigurationList;
			buildConfigurations = (
				559B61C22C903EF90081192F /* Debug */,
				559B61C32C903EF90081192F /* Release */,
			);
			defaultConfigurationIsVisible = 0;
			defaultConfigurationName = Release;
		};
		559B61C42C903EF90081192F /* Build configuration list for PBXNativeTarget "Altcraft" */ = {
			isa = XCConfigurationList;
			buildConfigurations = (
				559B61C52C903EF90081192F /* Debug */,
				559B61C62C903EF90081192F /* Release */,
			);
			defaultConfigurationIsVisible = 0;
			defaultConfigurationName = Release;
		};
/* End XCConfigurationList section */

/* Begin XCVersionGroup section */
		559B61E62C90461F0081192F /* DataBase.xcdatamodeld */ = {
			isa = XCVersionGroup;
			children = (
				559878EF2EB4B766008C6A35 /* Altcraft_Model_v01.xcdatamodel */,
				559B61E72C90461F0081192F /* DataBase.xcdatamodel */,
			);
			currentVersion = 559878EF2EB4B766008C6A35 /* Altcraft_Model_v01.xcdatamodel */;
			path = DataBase.xcdatamodeld;
			sourceTree = "<group>";
			versionGroupType = wrapper.xcdatamodel;
		};
/* End XCVersionGroup section */
	};
	rootObject = 559B61A72C903EF90081192F /* Project object */;
}
